{
    "version": 3,
    "terraform_version": "0.11.7",
    "serial": 66,
    "lineage": "c612f9e2-e50d-7b91-0d14-f31b318be042",
    "modules": [
        {
            "path": [
                "root"
            ],
            "outputs": {
                "ConsulPubFQDN": {
                    "sensitive": false,
                    "type": "string",
                    "value": "hyteqc.eastus.cloudapp.azure.com"
                },
                "ConsulPubIP": {
                    "sensitive": false,
                    "type": "string",
                    "value": "137.117.36.153"
                },
                "NomadClientPubFQDN": {
                    "sensitive": false,
                    "type": "string",
                    "value": "altyvl.eastus.cloudapp.azure.com"
                },
                "NomadClientPubIP": {
                    "sensitive": false,
                    "type": "string",
                    "value": "137.117.36.52"
                },
                "NomadServerPubFQDN": {
                    "sensitive": false,
                    "type": "string",
                    "value": "dgsmgo.eastus.cloudapp.azure.com"
                },
                "NomadServerPubIP": {
                    "sensitive": false,
                    "type": "string",
                    "value": "104.45.157.235"
                }
            },
            "resources": {
                "azurerm_resource_group.AzureRG": {
                    "type": "azurerm_resource_group",
                    "depends_on": [],
                    "primary": {
                        "id": "/subscriptions/83828619-1a38-49f2-b989-a46ac41307db/resourceGroups/HashiExample",
                        "attributes": {
                            "id": "/subscriptions/83828619-1a38-49f2-b989-a46ac41307db/resourceGroups/HashiExample",
                            "location": "eastus",
                            "name": "HashiExample",
                            "tags.%": "0"
                        },
                        "meta": {},
                        "tainted": false
                    },
                    "deposed": [],
                    "provider": "provider.azurerm"
                },
                "azurerm_subnet.AzureSubnet": {
                    "type": "azurerm_subnet",
                    "depends_on": [
                        "azurerm_resource_group.AzureRG",
                        "azurerm_virtual_network.AzureVNet"
                    ],
                    "primary": {
                        "id": "/subscriptions/83828619-1a38-49f2-b989-a46ac41307db/resourceGroups/HashiExample/providers/Microsoft.Network/virtualNetworks/acctvnet/subnets/acctsubnet",
                        "attributes": {
                            "address_prefix": "10.0.2.0/24",
                            "id": "/subscriptions/83828619-1a38-49f2-b989-a46ac41307db/resourceGroups/HashiExample/providers/Microsoft.Network/virtualNetworks/acctvnet/subnets/acctsubnet",
                            "ip_configurations.#": "0",
                            "name": "acctsubnet",
                            "resource_group_name": "HashiExample",
                            "service_endpoints.#": "0",
                            "virtual_network_name": "acctvnet"
                        },
                        "meta": {},
                        "tainted": false
                    },
                    "deposed": [],
                    "provider": "provider.azurerm"
                },
                "azurerm_virtual_network.AzureVNet": {
                    "type": "azurerm_virtual_network",
                    "depends_on": [
                        "azurerm_resource_group.AzureRG"
                    ],
                    "primary": {
                        "id": "/subscriptions/83828619-1a38-49f2-b989-a46ac41307db/resourceGroups/HashiExample/providers/Microsoft.Network/virtualNetworks/acctvnet",
                        "attributes": {
                            "address_space.#": "1",
                            "address_space.0": "10.0.0.0/16",
                            "dns_servers.#": "0",
                            "id": "/subscriptions/83828619-1a38-49f2-b989-a46ac41307db/resourceGroups/HashiExample/providers/Microsoft.Network/virtualNetworks/acctvnet",
                            "location": "eastus",
                            "name": "acctvnet",
                            "resource_group_name": "HashiExample",
                            "subnet.#": "0",
                            "tags.%": "0"
                        },
                        "meta": {},
                        "tainted": false
                    },
                    "deposed": [],
                    "provider": "provider.azurerm"
                }
            },
            "depends_on": []
        },
        {
            "path": [
                "root",
                "ConsulTier"
            ],
            "outputs": {
                "public_fqdn": {
                    "sensitive": false,
                    "type": "string",
                    "value": "hyteqc.eastus.cloudapp.azure.com"
                },
                "public_ip": {
                    "sensitive": false,
                    "type": "string",
                    "value": "137.117.36.153"
                }
            },
            "resources": {
                "azurerm_lb.AzureLB": {
                    "type": "azurerm_lb",
                    "depends_on": [
                        "azurerm_public_ip.AzurePubIP"
                    ],
                    "primary": {
                        "id": "/subscriptions/83828619-1a38-49f2-b989-a46ac41307db/resourceGroups/HashiExample/providers/Microsoft.Network/loadBalancers/consulserverloadbal",
                        "attributes": {
                            "frontend_ip_configuration.#": "1",
                            "frontend_ip_configuration.0.inbound_nat_rules.#": "0",
                            "frontend_ip_configuration.0.load_balancer_rules.#": "0",
                            "frontend_ip_configuration.0.name": "PublicIPAddress",
                            "frontend_ip_configuration.0.private_ip_address": "",
                            "frontend_ip_configuration.0.private_ip_address_allocation": "Dynamic",
                            "frontend_ip_configuration.0.public_ip_address_id": "/subscriptions/83828619-1a38-49f2-b989-a46ac41307db/resourceGroups/HashiExample/providers/Microsoft.Network/publicIPAddresses/consulserverpubip",
                            "frontend_ip_configuration.0.subnet_id": "",
                            "frontend_ip_configuration.0.zones.#": "0",
                            "id": "/subscriptions/83828619-1a38-49f2-b989-a46ac41307db/resourceGroups/HashiExample/providers/Microsoft.Network/loadBalancers/consulserverloadbal",
                            "location": "eastus",
                            "name": "consulserverloadbal",
                            "private_ip_address": "",
                            "private_ip_addresses.#": "0",
                            "resource_group_name": "HashiExample",
                            "sku": "Basic",
                            "tags.%": "0"
                        },
                        "meta": {},
                        "tainted": false
                    },
                    "deposed": [],
                    "provider": "provider.azurerm"
                },
                "azurerm_lb_backend_address_pool.AzureBEPool": {
                    "type": "azurerm_lb_backend_address_pool",
                    "depends_on": [
                        "azurerm_lb.AzureLB"
                    ],
                    "primary": {
                        "id": "/subscriptions/83828619-1a38-49f2-b989-a46ac41307db/resourceGroups/HashiExample/providers/Microsoft.Network/loadBalancers/consulserverloadbal/backendAddressPools/consulserverbepool",
                        "attributes": {
                            "backend_ip_configurations.#": "0",
                            "id": "/subscriptions/83828619-1a38-49f2-b989-a46ac41307db/resourceGroups/HashiExample/providers/Microsoft.Network/loadBalancers/consulserverloadbal/backendAddressPools/consulserverbepool",
                            "load_balancing_rules.#": "0",
                            "loadbalancer_id": "/subscriptions/83828619-1a38-49f2-b989-a46ac41307db/resourceGroups/HashiExample/providers/Microsoft.Network/loadBalancers/consulserverloadbal",
                            "name": "consulserverbepool",
                            "resource_group_name": "HashiExample"
                        },
                        "meta": {},
                        "tainted": false
                    },
                    "deposed": [],
                    "provider": "provider.azurerm"
                },
                "azurerm_public_ip.AzurePubIP": {
                    "type": "azurerm_public_ip",
                    "depends_on": [
                        "random_string.fqdn"
                    ],
                    "primary": {
                        "id": "/subscriptions/83828619-1a38-49f2-b989-a46ac41307db/resourceGroups/HashiExample/providers/Microsoft.Network/publicIPAddresses/consulserverpubip",
                        "attributes": {
                            "domain_name_label": "hyteqc",
                            "fqdn": "hyteqc.eastus.cloudapp.azure.com",
                            "id": "/subscriptions/83828619-1a38-49f2-b989-a46ac41307db/resourceGroups/HashiExample/providers/Microsoft.Network/publicIPAddresses/consulserverpubip",
                            "idle_timeout_in_minutes": "4",
                            "ip_address": "137.117.36.153",
                            "location": "eastus",
                            "name": "consulserverpubip",
                            "public_ip_address_allocation": "static",
                            "resource_group_name": "HashiExample",
                            "sku": "Basic",
                            "tags.%": "1",
                            "tags.environment": "staging",
                            "zones.#": "0"
                        },
                        "meta": {},
                        "tainted": false
                    },
                    "deposed": [],
                    "provider": "provider.azurerm"
                },
                "azurerm_virtual_machine_scale_set.AzureScaleSet": {
                    "type": "azurerm_virtual_machine_scale_set",
                    "depends_on": [
                        "azurerm_lb_backend_address_pool.AzureBEPool",
                        "data.template_cloudinit_config.cloud_config"
                    ],
                    "primary": {
                        "id": "/subscriptions/83828619-1a38-49f2-b989-a46ac41307db/resourceGroups/HashiExample/providers/Microsoft.Compute/virtualMachineScaleSets/consulserver",
                        "attributes": {
                            "extension.#": "0",
                            "id": "/subscriptions/83828619-1a38-49f2-b989-a46ac41307db/resourceGroups/HashiExample/providers/Microsoft.Compute/virtualMachineScaleSets/consulserver",
                            "identity.#": "0",
                            "license_type": "",
                            "location": "eastus",
                            "name": "consulserver",
                            "network_profile.#": "1",
                            "network_profile.3536943145.accelerated_networking": "false",
                            "network_profile.3536943145.dns_settings.#": "1",
                            "network_profile.3536943145.dns_settings.0.dns_servers.#": "0",
                            "network_profile.3536943145.ip_configuration.#": "1",
                            "network_profile.3536943145.ip_configuration.0.application_gateway_backend_address_pool_ids.#": "0",
                            "network_profile.3536943145.ip_configuration.0.load_balancer_backend_address_pool_ids.#": "1",
                            "network_profile.3536943145.ip_configuration.0.load_balancer_backend_address_pool_ids.2851268769": "/subscriptions/83828619-1a38-49f2-b989-a46ac41307db/resourceGroups/HashiExample/providers/Microsoft.Network/loadBalancers/consulserverloadbal/backendAddressPools/consulserverbepool",
                            "network_profile.3536943145.ip_configuration.0.load_balancer_inbound_nat_rules_ids.#": "0",
                            "network_profile.3536943145.ip_configuration.0.name": "PrimaryNICConfig",
                            "network_profile.3536943145.ip_configuration.0.primary": "true",
                            "network_profile.3536943145.ip_configuration.0.public_ip_address_configuration.#": "0",
                            "network_profile.3536943145.ip_configuration.0.subnet_id": "/subscriptions/83828619-1a38-49f2-b989-a46ac41307db/resourceGroups/HashiExample/providers/Microsoft.Network/virtualNetworks/acctvnet/subnets/acctsubnet",
                            "network_profile.3536943145.ip_forwarding": "false",
                            "network_profile.3536943145.name": "PrimaryNIC",
                            "network_profile.3536943145.network_security_group_id": "",
                            "network_profile.3536943145.primary": "true",
                            "os_profile.#": "1",
                            "os_profile.0.admin_password": "testhorse",
                            "os_profile.0.admin_username": "mike",
                            "os_profile.0.computer_name_prefix": "consulserver",
                            "os_profile.0.custom_data": "H4sIAAAAAAAA/9SVX2/bNhDAn0Ug3+Gm5WErQCvZlqVwqwFp46IGlqRImg6DYRg0ebYJSyRHnhq72IcfRMmJ7TjxCvSlTxbvjvf/R7+1htAQ/7h02IWyKkg74Skr9QLVKxjbyijhl3l60b/ovbm6vTw/u/47ZfWJf0IftDVdOO4cHbADxvm60QG79+2FCRP0vGekVdpMu3A61rRmEIMTLiiTha0Ul9ZM9PSAXegSH4X5cd2GOSHnYoqjyilBtRdfIVtJQ5cBh8p80a7+EI441ck464nPiFyoxVJwiZ70REtBGEXBTuhOeOTOW1frMHBpy9IaBt+m0AUPMyyKIL129FSlP2RjbbKxCDPGZOUL4OHmT0hj5t0s81igCBg6MxFmWlrvOtKWmbGlUNlR52XnpPkexe9RoU21GIlS/f5b54t2KXALGZWuMapFXxFEWhOqIjvu/NL5tT2M4uHpMI1VjBNHshUcuIoSpk0gURRrasiq4LPCSlHEjkThupMH17u9NPptN42UNSG4qMhKW7oCCXl7u23IZKMjyt6ZwgrVUVbO0cd2xKKzalwZqrKpm6bwb1y3OS5BKAWcCaV4LfHobNBk/RJShWMYCC9neWzXEP5vCFig0aKAQGJcYMpqx1MkaCgAvryXrNrAl9D44hJZOVfaA3eQIcl2AipTggSTs9IqOD092dBt3WjbvfvKSsm+0ZPw1aTc9K4/9d/2Ruf96zyNKYVlICxV+5syRraSM0gP10xXeQf0n7XEdFXWyckeO/b+6uZjfvjTzAYyokTgXDsulPIYws+MSUHw+jXvXb2DP/a4Sga3RtOQJefYlKutydvdFVM0xJJr/KfSHkNukO6sn3NrCm2wQ8JPkVhyNiH0u5ULlrBkcNMEG9auAglPuTV8InRReWRJb4HyJkp3stJkAbzOGD3wev5caZ8/XgvgY21Uflh3B7hQn+tnNOBKMLaWAnnhOC4cSsqPgctCo6GVRaWbdK6xJiGPWcx1vcrvbz/A4cVZ//JD/zzW1G+WfMiSv4QhVG+Wefwr41VAv2pN7+odY9CsgKQC0NTswOYM1g0CWddCsykWntpr39eGNzDvXfAts337rScwGEAc2uXZRQ9yeJFGF+kLGA5fAc3QsOQZCrbiJfcUbGDQvNItBXsxeI6D7ZEnSR3zgYudYDxNxlpi20Csv6zAN4BYEbSTg5jfqsV5DFV3v/vy5OgI2lz2YRGLegDjOTKSiEbyCI2NwWwYNAw0f8NYBGQJLjTBEZvobSQ4P2D/BQAA//9aLEVBZgoAAA==",
                            "os_profile_linux_config.#": "1",
                            "os_profile_linux_config.69840937.disable_password_authentication": "true",
                            "os_profile_linux_config.69840937.ssh_keys.#": "1",
                            "os_profile_linux_config.69840937.ssh_keys.0.key_data": "ssh-rsa AAAAB3NzaC1yc2EAAAADAQABAAABAQCdAAxDpxdCrYCfnLv8aWoTe6XllI9d4At8+Ys5LlY2h3Qi+Aicdchu9N+Ltsu8aUVpgzChD1OmRaB+ZSEfoQu0S+9tesy6h5/GMTyJBq/+ScGhnXe7x9TCY1+Oslia+62j4sxmqGw42s2OHoc1b0A4NUdVnd62DvKNB4JEUM9MvyIhCABayeg2nkI0TDLQ9em/DqOPrn6ayvPWvgtKsJ7T4ia/XLbtO+JOv+TRYvTilkLJOLg6L/hxpFGBvwuMq7LriqxCtUYe//yJFx/K0svoCu/zzvKwFI527i2P7qf4/a3D1/NpEqInePatW80l6mMg9+g0XS+aMGCBM9V5y7ah mike@Michaels-MacBook-Pro.local\n",
                            "os_profile_linux_config.69840937.ssh_keys.0.path": "/home/mike/.ssh/authorized_keys",
                            "os_profile_secrets.#": "0",
                            "overprovision": "true",
                            "priority": "",
                            "resource_group_name": "HashiExample",
                            "single_placement_group": "true",
                            "sku.#": "1",
                            "sku.0.capacity": "1",
                            "sku.0.name": "Standard_B1ms",
                            "sku.0.tier": "Standard",
                            "storage_profile_data_disk.#": "1",
                            "storage_profile_data_disk.0.caching": "ReadWrite",
                            "storage_profile_data_disk.0.create_option": "Empty",
                            "storage_profile_data_disk.0.disk_size_gb": "10",
                            "storage_profile_data_disk.0.lun": "0",
                            "storage_profile_data_disk.0.managed_disk_type": "Standard_LRS",
                            "storage_profile_image_reference.#": "1",
                            "storage_profile_image_reference.4248655398.id": "",
                            "storage_profile_image_reference.4248655398.offer": "UbuntuServer",
                            "storage_profile_image_reference.4248655398.publisher": "Canonical",
                            "storage_profile_image_reference.4248655398.sku": "16.04-LTS",
                            "storage_profile_image_reference.4248655398.version": "latest",
                            "storage_profile_os_disk.#": "1",
                            "storage_profile_os_disk.1497306818.caching": "ReadWrite",
                            "storage_profile_os_disk.1497306818.create_option": "FromImage",
                            "storage_profile_os_disk.1497306818.image": "",
                            "storage_profile_os_disk.1497306818.managed_disk_type": "Standard_LRS",
                            "storage_profile_os_disk.1497306818.name": "",
                            "storage_profile_os_disk.1497306818.os_type": "",
                            "storage_profile_os_disk.1497306818.vhd_containers.#": "0",
                            "tags.%": "1",
                            "tags.role": "consulserver",
                            "upgrade_policy_mode": "Manual",
                            "zones.#": "0"
                        },
                        "meta": {},
                        "tainted": false
                    },
                    "deposed": [],
                    "provider": "provider.azurerm"
                },
                "data.template_cloudinit_config.cloud_config": {
                    "type": "template_cloudinit_config",
                    "depends_on": [
                        "data.template_file.cloud_config_template",
                        "data.template_file.consul_service_config",
                        "data.template_file.nomad_service_config"
                    ],
                    "primary": {
                        "id": "2268322554",
                        "attributes": {
                            "base64_encode": "true",
                            "gzip": "true",
                            "id": "2268322554",
                            "part.#": "4",
                            "part.0.content": "#cloud-config\npackage_update: true\n\npackages:\n - unzip\n - apt-transport-https\n - ca-certificates\n - software-properties-common\n ",
                            "part.0.content_type": "text/cloud-config",
                            "part.0.filename": "",
                            "part.0.merge_type": "",
                            "part.1.content": "#!/bin/bash\n\ncurl -sSL \"https://releases.hashicorp.com/nomad/0.8.5/nomad_0.8.5_linux_amd64.zip\" -o /tmp/nomad.zip\ncurl -sSL \"https://releases.hashicorp.com/consul/1.2.3/consul_1.2.3_linux_amd64.zip\" -o /tmp/consul.zip\nunzip /tmp/nomad.zip -d /tmp\ninstall /tmp/nomad /usr/local/bin/nomad\nunzip /tmp/consul.zip -d /tmp\ninstall /tmp/consul /usr/local/bin/consul\nnomad -autocomplete-install\ncurl -fsSL \"https://download.docker.com/linux/ubuntu/gpg\" | apt-key add -\nadd-apt-repository \"deb [arch=amd64] https://download.docker.com/linux/ubuntu xenial stable\"\napt-get update -y\napt-get install -y docker-ce\nmkdir -p /etc/nomad.d/data\nchmod 775 /etc/nomad.d\nmkdir -p /etc/consul.d/data\nchmod 775 /etc/consul.d\n\n",
                            "part.1.content_type": "text/x-shellscript",
                            "part.1.filename": "",
                            "part.1.merge_type": "",
                            "part.2.content": "#!/bin/bash\n\nSERVICE_DIR=\"/etc/systemd/system\"\n\ntouch \"$SERVICE_DIR/consul.service\"\nchmod 755 \"$SERVICE_DIR/consul.service\"\n\nHOST=$(hostname --ip-address)\n\ncat \u003c\u003c-EOF \u003e \"$SERVICE_DIR/consul.service\"\n\t[Unit]\n\tDescription=consul agent\n\tRequires=network-online.target\n\tAfter=network-online.targetx\n\t\n\t[Service]\n\tRestart=on-failure\n\tExecStart=/usr/local/bin/consul agent -server -data-dir=/etc/consul.d/data -bind=$HOST -advertise=$HOST -bootstrap-expect=1 -client=$HOST -ui\n\tExecReload=/bin/kill -HUP $MAINPID\n\t\n\t[Install]\n\tWantedBy=multi-user.target\nEOF\n\n systemctl enable consul.service\n systemctl stop docker\n systemctl start consul",
                            "part.2.content_type": "text/x-shellscript",
                            "part.2.filename": "",
                            "part.2.merge_type": "",
                            "part.3.content": "#!/bin/bash\n\nSERVICE_DIR=\"/etc/systemd/system\"\n\ntouch \"$SERVICE_DIR/nomad.service\"\nchmod 755 \"$SERVICE_DIR/nomad.service\"\n\nHOST=$(hostname --ip-address)\n\nif [[ $HOSTNAME = *\"nomad\"* ]]; then\n\tcat \u003c\u003c-EOF \u003e \"$SERVICE_DIR/nomad.service\"\n\t\t[Unit]\n\t\tDescription=nomad agent\n\t\tRequires=network-online.target\n\t\tAfter=network-online.target consul.service\n\t\t\n\t\t[Service]\n\t\tRestart=on-failure\n\t\tExecStart=/usr/local/bin/nomad agent -data-dir=/etc/nomad.d/data --bind=$HOST -server -bootstrap-expect=1 -consul-address=localhost:8500 \n\t\tExecReload=/bin/kill -HUP $MAINPID\n\t\t\n\t\t[Install]\n\t\tWantedBy=multi-user.target\n\tEOF\n\n\tsystemctl enable nomad.service\n\n\tsystemctl start nomad\nelse\n\texit 0\nfi",
                            "part.3.content_type": "text/x-shellscript",
                            "part.3.filename": "",
                            "part.3.merge_type": "",
                            "rendered": "H4sIAAAAAAAA/9SVX2/bNhDAn0Ug3+Gm5WErQCvZlqVwqwFp46IGlqRImg6DYRg0ebYJSyRHnhq72IcfRMmJ7TjxCvSlTxbvjvf/R7+1htAQ/7h02IWyKkg74Skr9QLVKxjbyijhl3l60b/ovbm6vTw/u/47ZfWJf0IftDVdOO4cHbADxvm60QG79+2FCRP0vGekVdpMu3A61rRmEIMTLiiTha0Ul9ZM9PSAXegSH4X5cd2GOSHnYoqjyilBtRdfIVtJQ5cBh8p80a7+EI441ck464nPiFyoxVJwiZ70REtBGEXBTuhOeOTOW1frMHBpy9IaBt+m0AUPMyyKIL129FSlP2RjbbKxCDPGZOUL4OHmT0hj5t0s81igCBg6MxFmWlrvOtKWmbGlUNlR52XnpPkexe9RoU21GIlS/f5b54t2KXALGZWuMapFXxFEWhOqIjvu/NL5tT2M4uHpMI1VjBNHshUcuIoSpk0gURRrasiq4LPCSlHEjkThupMH17u9NPptN42UNSG4qMhKW7oCCXl7u23IZKMjyt6ZwgrVUVbO0cd2xKKzalwZqrKpm6bwb1y3OS5BKAWcCaV4LfHobNBk/RJShWMYCC9neWzXEP5vCFig0aKAQGJcYMpqx1MkaCgAvryXrNrAl9D44hJZOVfaA3eQIcl2AipTggSTs9IqOD092dBt3WjbvfvKSsm+0ZPw1aTc9K4/9d/2Ruf96zyNKYVlICxV+5syRraSM0gP10xXeQf0n7XEdFXWyckeO/b+6uZjfvjTzAYyokTgXDsulPIYws+MSUHw+jXvXb2DP/a4Sga3RtOQJefYlKutydvdFVM0xJJr/KfSHkNukO6sn3NrCm2wQ8JPkVhyNiH0u5ULlrBkcNMEG9auAglPuTV8InRReWRJb4HyJkp3stJkAbzOGD3wev5caZ8/XgvgY21Uflh3B7hQn+tnNOBKMLaWAnnhOC4cSsqPgctCo6GVRaWbdK6xJiGPWcx1vcrvbz/A4cVZ//JD/zzW1G+WfMiSv4QhVG+Wefwr41VAv2pN7+odY9CsgKQC0NTswOYM1g0CWddCsykWntpr39eGNzDvXfAts337rScwGEAc2uXZRQ9yeJFGF+kLGA5fAc3QsOQZCrbiJfcUbGDQvNItBXsxeI6D7ZEnSR3zgYudYDxNxlpi20Csv6zAN4BYEbSTg5jfqsV5DFV3v/vy5OgI2lz2YRGLegDjOTKSiEbyCI2NwWwYNAw0f8NYBGQJLjTBEZvobSQ4P2D/BQAA//9aLEVBZgoAAA=="
                        },
                        "meta": {},
                        "tainted": false
                    },
                    "deposed": [],
                    "provider": "provider.template"
                },
                "data.template_file.cloud_config_template": {
                    "type": "template_file",
                    "depends_on": [],
                    "primary": {
                        "id": "c2034aa7370ee1e3b336de5525cbf339adf89b56fcc5dfc99899b0f9182f896f",
                        "attributes": {
                            "id": "c2034aa7370ee1e3b336de5525cbf339adf89b56fcc5dfc99899b0f9182f896f",
                            "rendered": "#cloud-config\npackage_update: true\n\npackages:\n - unzip\n - apt-transport-https\n - ca-certificates\n - software-properties-common\n ",
                            "template": "#cloud-config\npackage_update: true\n\npackages:\n - unzip\n - apt-transport-https\n - ca-certificates\n - software-properties-common\n "
                        },
                        "meta": {},
                        "tainted": false
                    },
                    "deposed": [],
                    "provider": "provider.template"
                },
                "data.template_file.consul_service_config": {
                    "type": "template_file",
                    "depends_on": [
                        "azurerm_public_ip.AzurePubIP"
                    ],
                    "primary": {
                        "id": "024e97c6f29a99b1b9a4728a20a69ae629c0c6380bc07411e9ac6fde5fa7487e",
                        "attributes": {
                            "id": "024e97c6f29a99b1b9a4728a20a69ae629c0c6380bc07411e9ac6fde5fa7487e",
                            "rendered": "#!/bin/bash\n\nSERVICE_DIR=\"/etc/systemd/system\"\n\ntouch \"$SERVICE_DIR/consul.service\"\nchmod 755 \"$SERVICE_DIR/consul.service\"\n\nHOST=$(hostname --ip-address)\n\ncat \u003c\u003c-EOF \u003e \"$SERVICE_DIR/consul.service\"\n\t[Unit]\n\tDescription=consul agent\n\tRequires=network-online.target\n\tAfter=network-online.targetx\n\t\n\t[Service]\n\tRestart=on-failure\n\tExecStart=/usr/local/bin/consul agent -server -data-dir=/etc/consul.d/data -bind=$HOST -advertise=$HOST -bootstrap-expect=1 -client=$HOST -ui\n\tExecReload=/bin/kill -HUP $MAINPID\n\t\n\t[Install]\n\tWantedBy=multi-user.target\nEOF\n\n systemctl enable consul.service\n systemctl stop docker\n systemctl start consul",
                            "template": "#!/bin/bash\n\nSERVICE_DIR=\"/etc/systemd/system\"\n\ntouch \"$SERVICE_DIR/consul.service\"\nchmod 755 \"$SERVICE_DIR/consul.service\"\n\nHOST=$(hostname --ip-address)\n\ncat \u003c\u003c-EOF \u003e \"$SERVICE_DIR/consul.service\"\n\t[Unit]\n\tDescription=consul agent\n\tRequires=network-online.target\n\tAfter=network-online.targetx\n\t\n\t[Service]\n\tRestart=on-failure\n\tExecStart=/usr/local/bin/consul agent -server -data-dir=/etc/consul.d/data -bind=$HOST -advertise=$HOST -bootstrap-expect=1 -client=$HOST -ui\n\tExecReload=/bin/kill -HUP $MAINPID\n\t\n\t[Install]\n\tWantedBy=multi-user.target\nEOF\n\n systemctl enable consul.service\n systemctl stop docker\n systemctl start consul",
                            "vars.%": "6",
                            "vars.client_id": "697aae5d-badf-4a60-af46-2336f1983d94",
                            "vars.client_secret": "fd165b47-fa11-486e-a5d6-257d0e3c2e0d",
                            "vars.public_ip": "137.117.36.153",
                            "vars.rg_name": "HashiExample",
                            "vars.subscription_id": "83828619-1a38-49f2-b989-a46ac41307db",
                            "vars.tenant_id": "d63e7243-4e82-4699-8007-21df05c8fa65"
                        },
                        "meta": {},
                        "tainted": false
                    },
                    "deposed": [],
                    "provider": "provider.template"
                },
                "data.template_file.nomad_service_config": {
                    "type": "template_file",
                    "depends_on": [],
                    "primary": {
                        "id": "79ebca75d55084f3ee7e3ed068fb59022a7bbc94b1aca65a0bca4dc9c4fd03b6",
                        "attributes": {
                            "id": "79ebca75d55084f3ee7e3ed068fb59022a7bbc94b1aca65a0bca4dc9c4fd03b6",
                            "rendered": "#!/bin/bash\n\nSERVICE_DIR=\"/etc/systemd/system\"\n\ntouch \"$SERVICE_DIR/nomad.service\"\nchmod 755 \"$SERVICE_DIR/nomad.service\"\n\nHOST=$(hostname --ip-address)\n\nif [[ $HOSTNAME = *\"nomad\"* ]]; then\n\tcat \u003c\u003c-EOF \u003e \"$SERVICE_DIR/nomad.service\"\n\t\t[Unit]\n\t\tDescription=nomad agent\n\t\tRequires=network-online.target\n\t\tAfter=network-online.target consul.service\n\t\t\n\t\t[Service]\n\t\tRestart=on-failure\n\t\tExecStart=/usr/local/bin/nomad agent -data-dir=/etc/nomad.d/data --bind=$HOST -server -bootstrap-expect=1 -consul-address=localhost:8500 \n\t\tExecReload=/bin/kill -HUP $MAINPID\n\t\t\n\t\t[Install]\n\t\tWantedBy=multi-user.target\n\tEOF\n\n\tsystemctl enable nomad.service\n\n\tsystemctl start nomad\nelse\n\texit 0\nfi",
                            "template": "#!/bin/bash\n\nSERVICE_DIR=\"/etc/systemd/system\"\n\ntouch \"$SERVICE_DIR/nomad.service\"\nchmod 755 \"$SERVICE_DIR/nomad.service\"\n\nHOST=$(hostname --ip-address)\n\nif [[ $HOSTNAME = *\"nomad\"* ]]; then\n\tcat \u003c\u003c-EOF \u003e \"$SERVICE_DIR/nomad.service\"\n\t\t[Unit]\n\t\tDescription=nomad agent\n\t\tRequires=network-online.target\n\t\tAfter=network-online.target consul.service\n\t\t\n\t\t[Service]\n\t\tRestart=on-failure\n\t\tExecStart=/usr/local/bin/nomad agent -data-dir=/etc/nomad.d/data --bind=$HOST -server -bootstrap-expect=1 -consul-address=localhost:8500 \n\t\tExecReload=/bin/kill -HUP $MAINPID\n\t\t\n\t\t[Install]\n\t\tWantedBy=multi-user.target\n\tEOF\n\n\tsystemctl enable nomad.service\n\n\tsystemctl start nomad\nelse\n\texit 0\nfi"
                        },
                        "meta": {},
                        "tainted": false
                    },
                    "deposed": [],
                    "provider": "provider.template"
                },
                "random_string.fqdn": {
                    "type": "random_string",
                    "depends_on": [],
                    "primary": {
                        "id": "none",
                        "attributes": {
                            "id": "none",
                            "length": "6",
                            "lower": "true",
                            "min_lower": "0",
                            "min_numeric": "0",
                            "min_special": "0",
                            "min_upper": "0",
                            "number": "false",
                            "result": "hyteqc",
                            "special": "false",
                            "upper": "false"
                        },
                        "meta": {
                            "schema_version": "1"
                        },
                        "tainted": false
                    },
                    "deposed": [],
                    "provider": "provider.random"
                }
            },
            "depends_on": []
        },
        {
            "path": [
                "root",
                "NomadClientTier"
            ],
            "outputs": {
                "public_fqdn": {
                    "sensitive": false,
                    "type": "string",
                    "value": "altyvl.eastus.cloudapp.azure.com"
                },
                "public_ip": {
                    "sensitive": false,
                    "type": "string",
                    "value": "137.117.36.52"
                }
            },
            "resources": {
                "azurerm_lb.AzureLB": {
                    "type": "azurerm_lb",
                    "depends_on": [
                        "azurerm_public_ip.AzurePubIP"
                    ],
                    "primary": {
                        "id": "/subscriptions/83828619-1a38-49f2-b989-a46ac41307db/resourceGroups/HashiExample/providers/Microsoft.Network/loadBalancers/nomadclientloadbal",
                        "attributes": {
                            "frontend_ip_configuration.#": "1",
                            "frontend_ip_configuration.0.inbound_nat_rules.#": "0",
                            "frontend_ip_configuration.0.load_balancer_rules.#": "0",
                            "frontend_ip_configuration.0.name": "PublicIPAddress",
                            "frontend_ip_configuration.0.private_ip_address": "",
                            "frontend_ip_configuration.0.private_ip_address_allocation": "Dynamic",
                            "frontend_ip_configuration.0.public_ip_address_id": "/subscriptions/83828619-1a38-49f2-b989-a46ac41307db/resourceGroups/HashiExample/providers/Microsoft.Network/publicIPAddresses/nomadclientpubip",
                            "frontend_ip_configuration.0.subnet_id": "",
                            "frontend_ip_configuration.0.zones.#": "0",
                            "id": "/subscriptions/83828619-1a38-49f2-b989-a46ac41307db/resourceGroups/HashiExample/providers/Microsoft.Network/loadBalancers/nomadclientloadbal",
                            "location": "eastus",
                            "name": "nomadclientloadbal",
                            "private_ip_address": "",
                            "private_ip_addresses.#": "0",
                            "resource_group_name": "HashiExample",
                            "sku": "Basic",
                            "tags.%": "0"
                        },
                        "meta": {},
                        "tainted": false
                    },
                    "deposed": [],
                    "provider": "provider.azurerm"
                },
                "azurerm_lb_backend_address_pool.AzureBEPool": {
                    "type": "azurerm_lb_backend_address_pool",
                    "depends_on": [
                        "azurerm_lb.AzureLB"
                    ],
                    "primary": {
                        "id": "/subscriptions/83828619-1a38-49f2-b989-a46ac41307db/resourceGroups/HashiExample/providers/Microsoft.Network/loadBalancers/nomadclientloadbal/backendAddressPools/nomadclientbepool",
                        "attributes": {
                            "backend_ip_configurations.#": "0",
                            "id": "/subscriptions/83828619-1a38-49f2-b989-a46ac41307db/resourceGroups/HashiExample/providers/Microsoft.Network/loadBalancers/nomadclientloadbal/backendAddressPools/nomadclientbepool",
                            "load_balancing_rules.#": "0",
                            "loadbalancer_id": "/subscriptions/83828619-1a38-49f2-b989-a46ac41307db/resourceGroups/HashiExample/providers/Microsoft.Network/loadBalancers/nomadclientloadbal",
                            "name": "nomadclientbepool",
                            "resource_group_name": "HashiExample"
                        },
                        "meta": {},
                        "tainted": false
                    },
                    "deposed": [],
                    "provider": "provider.azurerm"
                },
                "azurerm_public_ip.AzurePubIP": {
                    "type": "azurerm_public_ip",
                    "depends_on": [
                        "random_string.fqdn"
                    ],
                    "primary": {
                        "id": "/subscriptions/83828619-1a38-49f2-b989-a46ac41307db/resourceGroups/HashiExample/providers/Microsoft.Network/publicIPAddresses/nomadclientpubip",
                        "attributes": {
                            "domain_name_label": "altyvl",
                            "fqdn": "altyvl.eastus.cloudapp.azure.com",
                            "id": "/subscriptions/83828619-1a38-49f2-b989-a46ac41307db/resourceGroups/HashiExample/providers/Microsoft.Network/publicIPAddresses/nomadclientpubip",
                            "idle_timeout_in_minutes": "4",
                            "ip_address": "137.117.36.52",
                            "location": "eastus",
                            "name": "nomadclientpubip",
                            "public_ip_address_allocation": "static",
                            "resource_group_name": "HashiExample",
                            "sku": "Basic",
                            "tags.%": "1",
                            "tags.environment": "staging",
                            "zones.#": "0"
                        },
                        "meta": {},
                        "tainted": false
                    },
                    "deposed": [],
                    "provider": "provider.azurerm"
                },
                "azurerm_virtual_machine_scale_set.AzureScaleSet": {
                    "type": "azurerm_virtual_machine_scale_set",
                    "depends_on": [
                        "azurerm_lb_backend_address_pool.AzureBEPool",
                        "data.template_cloudinit_config.cloud_config"
                    ],
                    "primary": {
                        "id": "/subscriptions/83828619-1a38-49f2-b989-a46ac41307db/resourceGroups/HashiExample/providers/Microsoft.Compute/virtualMachineScaleSets/nomadclient",
                        "attributes": {
                            "extension.#": "0",
                            "id": "/subscriptions/83828619-1a38-49f2-b989-a46ac41307db/resourceGroups/HashiExample/providers/Microsoft.Compute/virtualMachineScaleSets/nomadclient",
                            "identity.#": "0",
                            "license_type": "",
                            "location": "eastus",
                            "name": "nomadclient",
                            "network_profile.#": "1",
                            "network_profile.3536943145.accelerated_networking": "false",
                            "network_profile.3536943145.dns_settings.#": "1",
                            "network_profile.3536943145.dns_settings.0.dns_servers.#": "0",
                            "network_profile.3536943145.ip_configuration.#": "1",
                            "network_profile.3536943145.ip_configuration.0.application_gateway_backend_address_pool_ids.#": "0",
                            "network_profile.3536943145.ip_configuration.0.load_balancer_backend_address_pool_ids.#": "1",
                            "network_profile.3536943145.ip_configuration.0.load_balancer_backend_address_pool_ids.2041521405": "/subscriptions/83828619-1a38-49f2-b989-a46ac41307db/resourceGroups/HashiExample/providers/Microsoft.Network/loadBalancers/nomadclientloadbal/backendAddressPools/nomadclientbepool",
                            "network_profile.3536943145.ip_configuration.0.load_balancer_inbound_nat_rules_ids.#": "0",
                            "network_profile.3536943145.ip_configuration.0.name": "PrimaryNICConfig",
                            "network_profile.3536943145.ip_configuration.0.primary": "true",
                            "network_profile.3536943145.ip_configuration.0.public_ip_address_configuration.#": "0",
                            "network_profile.3536943145.ip_configuration.0.subnet_id": "/subscriptions/83828619-1a38-49f2-b989-a46ac41307db/resourceGroups/HashiExample/providers/Microsoft.Network/virtualNetworks/acctvnet/subnets/acctsubnet",
                            "network_profile.3536943145.ip_forwarding": "false",
                            "network_profile.3536943145.name": "PrimaryNIC",
                            "network_profile.3536943145.network_security_group_id": "",
                            "network_profile.3536943145.primary": "true",
                            "os_profile.#": "1",
                            "os_profile.0.admin_password": "testhorse",
                            "os_profile.0.admin_username": "mike",
                            "os_profile.0.computer_name_prefix": "nomadclient",
                            "os_profile.0.custom_data": "H4sIAAAAAAAA/9RWW2/byhF+5gL+D1PWD22AEXWlJCcs4MQKYqCOAztJURiGsNodSluTu+zu0pHSnv9+wItsSXHiEyAvx4Ah7szsXL/5yDdGe9IeP24KOoG8zLwquPVRrtYkX8LClFpyu0nCi/OL2evLT+/PTq/+HbLqhJ/JOmX0CfQ63SN2xBB3jY7Yg2/LtUvJ4kwLI5VensB4ofyOQR3c09pHIjOlRGF0qpZH7ELl9E2Yv+7asIKLO76keVlI7isvtiS2lboTBgil/qqK6oEXHn2VTGGsx5X3havEgqMg61WqBPdUi5xJ/RduCQtrikpHDoXJc6MZ/JpC1+hWlGVOWFX471X6l2ihdLTgbsWYKG0G6K7/CWGd+UkUWcqIO3KdFXcrJYwtOsLkkTY5l1G3M+mMmud5/TzPlC7Xc57LeNj5qooQ0EDk86IxqkQ/EUQY7cos6nX6nUF7mNeH74dprOo49UgOggPKWsKUdp5n2Y4aotLZKDOCZ3VHauGuk0fXT3tp9IduGilrQiAvvREmLzLyhO3ttiHpXkek+aIzw2VHGnFHtm5HXXRULkrty2hZLEP4fw23O9oAlxKQcSmxklgqjFPe2A2EkhZww61YJXW7buGPhoA1acUzcJ4vMgpZ5XhJHpotANw8SLZtwA00vlAQy++ksoAFRORFOwEZSe45E6vcSBiPR3u6gxttu5++slWyX0QJP70p17Orz+dvZvOz86skrFNyG+cpl+1vyJg3pVhBeLxjus3bkb1XgsJtWaPRM3bs3eX1x+T4byvjvOY5AaIqkEtpybm/M8aY4B5evcLZ5Vv4xzPOgptPWvlbFpxRU7AyOmnRy5ekPQuu6L+lsuQSTf6LsXdodKY0dTy3S/IsOE092aeVwAIW3Fw3wW4rV85z6xOjMeUqKy2xYLYmcV1Ln9yWJgtAkSnSPjmuigescIBS2eRbeAByeV9RqKOttSVvN/gfozSEhTX3SpJN+NfSEoAlZ0oraL60piySdxXpzNa8Wku4z+dO8Izmjvy2KZ40136uZCLjAY37wwEOadLHYTyd4qTbHWO/J9PuSExSHo+gSbsyj6djzmkkccFlikMed5Gnwxj7g0Gc9qaTgZwOwZWLhzFUlyaDSX8S96bY44MJDqdpHxfTyRT5MOZi2Bt0x3IBjoQlP+dCkHPzO9okqezFo8VwjCnv9XA4iQn5SMbYH41llwaiT10ZNq2/omrvk7rjd6pa3HefPsDxxen5+w/nZ/X8zpuVvmXBv7j2JF9vkvrFjaUju4XB7PItY9AAXvgMSFdMAft427OoodAa/Lk2tyGpZxf3wGyH00zh27cmzzIjdgU7DIdXDck9KJ9dfZXCzQ3UqH9/ejGDBF6E9c3wBdzevgS/Is2CfXrYo+TqI6ezElnIgqCBLvyPBUEgVtYYPyd935yDsOpiCI9/QQKNrFVnahFC9VjJqwMDeNAM+rWuVQ36e8p4uKuMh49KW+qo2tfsvsozbGIeCB+MXZ1g68htM/uN1f81Wg878aPhBQ9EuceUzau8JcpnmfKHVHmwKUFQxXykzie58/vkuZMYtJ+uyZOT3uXSfRQC1uA8VDWIRVwoLbcE20IFmxq2gEzqdCqsnkxG3S60+T7HOHXhj5zzI9Jp5hh8wzp7w9szaEin2SbKHLGA1spDl6XqkIMQj9jvAQAA//8DvtrkrwwAAA==",
                            "os_profile_linux_config.#": "1",
                            "os_profile_linux_config.69840937.disable_password_authentication": "true",
                            "os_profile_linux_config.69840937.ssh_keys.#": "1",
                            "os_profile_linux_config.69840937.ssh_keys.0.key_data": "ssh-rsa AAAAB3NzaC1yc2EAAAADAQABAAABAQCdAAxDpxdCrYCfnLv8aWoTe6XllI9d4At8+Ys5LlY2h3Qi+Aicdchu9N+Ltsu8aUVpgzChD1OmRaB+ZSEfoQu0S+9tesy6h5/GMTyJBq/+ScGhnXe7x9TCY1+Oslia+62j4sxmqGw42s2OHoc1b0A4NUdVnd62DvKNB4JEUM9MvyIhCABayeg2nkI0TDLQ9em/DqOPrn6ayvPWvgtKsJ7T4ia/XLbtO+JOv+TRYvTilkLJOLg6L/hxpFGBvwuMq7LriqxCtUYe//yJFx/K0svoCu/zzvKwFI527i2P7qf4/a3D1/NpEqInePatW80l6mMg9+g0XS+aMGCBM9V5y7ah mike@Michaels-MacBook-Pro.local\n",
                            "os_profile_linux_config.69840937.ssh_keys.0.path": "/home/mike/.ssh/authorized_keys",
                            "os_profile_secrets.#": "0",
                            "overprovision": "true",
                            "priority": "",
                            "resource_group_name": "HashiExample",
                            "single_placement_group": "true",
                            "sku.#": "1",
                            "sku.0.capacity": "1",
                            "sku.0.name": "Standard_B1ms",
                            "sku.0.tier": "Standard",
                            "storage_profile_data_disk.#": "1",
                            "storage_profile_data_disk.0.caching": "ReadWrite",
                            "storage_profile_data_disk.0.create_option": "Empty",
                            "storage_profile_data_disk.0.disk_size_gb": "10",
                            "storage_profile_data_disk.0.lun": "0",
                            "storage_profile_data_disk.0.managed_disk_type": "Standard_LRS",
                            "storage_profile_image_reference.#": "1",
                            "storage_profile_image_reference.4248655398.id": "",
                            "storage_profile_image_reference.4248655398.offer": "UbuntuServer",
                            "storage_profile_image_reference.4248655398.publisher": "Canonical",
                            "storage_profile_image_reference.4248655398.sku": "16.04-LTS",
                            "storage_profile_image_reference.4248655398.version": "latest",
                            "storage_profile_os_disk.#": "1",
                            "storage_profile_os_disk.1497306818.caching": "ReadWrite",
                            "storage_profile_os_disk.1497306818.create_option": "FromImage",
                            "storage_profile_os_disk.1497306818.image": "",
                            "storage_profile_os_disk.1497306818.managed_disk_type": "Standard_LRS",
                            "storage_profile_os_disk.1497306818.name": "",
                            "storage_profile_os_disk.1497306818.os_type": "",
                            "storage_profile_os_disk.1497306818.vhd_containers.#": "0",
                            "tags.%": "1",
                            "tags.role": "nomadclient",
                            "upgrade_policy_mode": "Manual",
                            "zones.#": "0"
                        },
                        "meta": {},
                        "tainted": false
                    },
                    "deposed": [],
                    "provider": "provider.azurerm"
                },
                "data.template_cloudinit_config.cloud_config": {
                    "type": "template_cloudinit_config",
                    "depends_on": [
                        "data.template_file.cloud_config_template",
                        "data.template_file.consul_service_config",
                        "data.template_file.nomad_service_config"
                    ],
                    "primary": {
                        "id": "1256441355",
                        "attributes": {
                            "base64_encode": "true",
                            "gzip": "true",
                            "id": "1256441355",
                            "part.#": "4",
                            "part.0.content": "#cloud-config\npackage_update: true\n\npackages:\n - unzip\n - apt-transport-https\n - ca-certificates\n - software-properties-common\n ",
                            "part.0.content_type": "text/cloud-config",
                            "part.0.filename": "",
                            "part.0.merge_type": "",
                            "part.1.content": "#!/bin/bash\n\ncurl -sSL \"https://releases.hashicorp.com/nomad/0.8.5/nomad_0.8.5_linux_amd64.zip\" -o /tmp/nomad.zip\ncurl -sSL \"https://releases.hashicorp.com/consul/1.2.3/consul_1.2.3_linux_amd64.zip\" -o /tmp/consul.zip\nunzip /tmp/nomad.zip -d /tmp\ninstall /tmp/nomad /usr/local/bin/nomad\nunzip /tmp/consul.zip -d /tmp\ninstall /tmp/consul /usr/local/bin/consul\nnomad -autocomplete-install\ncurl -fsSL \"https://download.docker.com/linux/ubuntu/gpg\" | apt-key add -\nadd-apt-repository \"deb [arch=amd64] https://download.docker.com/linux/ubuntu xenial stable\"\napt-get update -y\napt-get install -y docker-ce\nmkdir -p /etc/nomad.d/data\nchmod 775 /etc/nomad.d\nmkdir -p /etc/consul.d/data\nchmod 775 /etc/consul.d\n\n",
                            "part.1.content_type": "text/x-shellscript",
                            "part.1.filename": "",
                            "part.1.merge_type": "",
                            "part.2.content": "#!/bin/bash\n\nSERVICE_DIR=\"/etc/systemd/system\"\n\ntouch \"$SERVICE_DIR/consul.service\"\nchmod 755 \"$SERVICE_DIR/consul.service\"\n\nHOST=$(hostname --ip-address)\n\n\n\ncat \u003c\u003c-EOF \u003e \"$SERVICE_DIR/consul.service\"\n\t[Unit]\n\tDescription=consul agent\n\tRequires=network-online.target\n\tAfter=network-online.target \n\t\n\t[Service]\n\tRestart=on-failure\n\tExecStart=/usr/local/bin/consul agent -client=$HOST -data-dir=/etc/consul.d/data -advertise=$HOST -retry-join \"provider=azure  resource_group=HashiExample vm_scale_set=consul tenant_id=d63e7243-4e82-4699-8007-21df05c8fa65 client_id=697aae5d-badf-4a60-af46-2336f1983d94 subscription_id=83828619-1a38-49f2-b989-a46ac41307db secret_access_key=fd165b47-fa11-486e-a5d6-257d0e3c2e0d\"\n\tExecReload=/bin/kill -HUP $MAINPID\n\t\n\t[Install]\n\tWantedBy=multi-user.target\nEOF\n\n systemctl enable consul.service\n\n systemctl start consul",
                            "part.2.content_type": "text/x-shellscript",
                            "part.2.filename": "",
                            "part.2.merge_type": "",
                            "part.3.content": "#!/bin/bash\n\nSERVICE_DIR=\"/etc/systemd/system\"\n\ntouch \"$SERVICE_DIR/nomad.service\"\nchmod 755 \"$SERVICE_DIR/nomad.service\"\n\nmkdir -p /opt/nomad/alloc /opt/nomad/data\nchmod -R 775 /opt/nomad\n\nHOST=$(hostname --ip-address)\n\nif [[ $HOSTNAME = *\"nomad\"* ]]; then\n\tcat \u003c\u003c-EOF \u003e \"/etc/nomad.d/conf.hcl\"\n\t\tclient {\n\t\t\tchroot_env {\n\t\t\t\t\"/bin\"           \t= \"/bin\"\n\t\t\t\t\"/lib\" \t\t\t\t= \"/lib\"\n  \t\t\t\t\"/lib32\" \t\t\t= \"/lib32\"\n  \t\t\t\t\"/lib64\" \t\t\t= \"/lib64\"\n  \t\t\t\t\"/run/resolvconf\" \t= \"/run/resolvconf\"\n  \t\t\t\t\"/sbin\" \t\t\t= \"/sbin\"\n\t\t\t}\n\t\t}\n\tEOF\n\n\n\tcat \u003c\u003c-EOF \u003e \"$SERVICE_DIR/nomad.service\"\n\t\t[Unit]\n\t\tDescription=nomad agent\n\t\tRequires=network-online.target\n\t\tAfter=network-online.target consul.service\n\t\t\n\t\t[Service]\n\t\tRestart=on-failure\n\t\tExecStart=/usr/local/bin/nomad agent -config=/etc/nomad.d/conf.hcl -data-dir=/opt/nomad/data -alloc-dir=/opt/nomad/alloc --bind=$HOST -client -consul-address=localhost:8500 \n\t\tExecReload=/bin/kill -HUP $MAINPID\n\t\t\n\t\t[Install]\n\t\tWantedBy=multi-user.target\n\tEOF\n\n\tsystemctl enable nomad.service\n\n\tsystemctl start nomad\nelse\n\texit 0\nfi",
                            "part.3.content_type": "text/x-shellscript",
                            "part.3.filename": "",
                            "part.3.merge_type": "",
                            "rendered": "H4sIAAAAAAAA/9RWW2/byhF+5gL+D1PWD22AEXWlJCcs4MQKYqCOAztJURiGsNodSluTu+zu0pHSnv9+wItsSXHiEyAvx4Ah7szsXL/5yDdGe9IeP24KOoG8zLwquPVRrtYkX8LClFpyu0nCi/OL2evLT+/PTq/+HbLqhJ/JOmX0CfQ63SN2xBB3jY7Yg2/LtUvJ4kwLI5VensB4ofyOQR3c09pHIjOlRGF0qpZH7ELl9E2Yv+7asIKLO76keVlI7isvtiS2lboTBgil/qqK6oEXHn2VTGGsx5X3havEgqMg61WqBPdUi5xJ/RduCQtrikpHDoXJc6MZ/JpC1+hWlGVOWFX471X6l2ihdLTgbsWYKG0G6K7/CWGd+UkUWcqIO3KdFXcrJYwtOsLkkTY5l1G3M+mMmud5/TzPlC7Xc57LeNj5qooQ0EDk86IxqkQ/EUQY7cos6nX6nUF7mNeH74dprOo49UgOggPKWsKUdp5n2Y4aotLZKDOCZ3VHauGuk0fXT3tp9IduGilrQiAvvREmLzLyhO3ttiHpXkek+aIzw2VHGnFHtm5HXXRULkrty2hZLEP4fw23O9oAlxKQcSmxklgqjFPe2A2EkhZww61YJXW7buGPhoA1acUzcJ4vMgpZ5XhJHpotANw8SLZtwA00vlAQy++ksoAFRORFOwEZSe45E6vcSBiPR3u6gxttu5++slWyX0QJP70p17Orz+dvZvOz86skrFNyG+cpl+1vyJg3pVhBeLxjus3bkb1XgsJtWaPRM3bs3eX1x+T4byvjvOY5AaIqkEtpybm/M8aY4B5evcLZ5Vv4xzPOgptPWvlbFpxRU7AyOmnRy5ekPQuu6L+lsuQSTf6LsXdodKY0dTy3S/IsOE092aeVwAIW3Fw3wW4rV85z6xOjMeUqKy2xYLYmcV1Ln9yWJgtAkSnSPjmuigescIBS2eRbeAByeV9RqKOttSVvN/gfozSEhTX3SpJN+NfSEoAlZ0oraL60piySdxXpzNa8Wku4z+dO8Izmjvy2KZ40136uZCLjAY37wwEOadLHYTyd4qTbHWO/J9PuSExSHo+gSbsyj6djzmkkccFlikMed5Gnwxj7g0Gc9qaTgZwOwZWLhzFUlyaDSX8S96bY44MJDqdpHxfTyRT5MOZi2Bt0x3IBjoQlP+dCkHPzO9okqezFo8VwjCnv9XA4iQn5SMbYH41llwaiT10ZNq2/omrvk7rjd6pa3HefPsDxxen5+w/nZ/X8zpuVvmXBv7j2JF9vkvrFjaUju4XB7PItY9AAXvgMSFdMAft427OoodAa/Lk2tyGpZxf3wGyH00zh27cmzzIjdgU7DIdXDck9KJ9dfZXCzQ3UqH9/ejGDBF6E9c3wBdzevgS/Is2CfXrYo+TqI6ezElnIgqCBLvyPBUEgVtYYPyd935yDsOpiCI9/QQKNrFVnahFC9VjJqwMDeNAM+rWuVQ36e8p4uKuMh49KW+qo2tfsvsozbGIeCB+MXZ1g68htM/uN1f81Wg878aPhBQ9EuceUzau8JcpnmfKHVHmwKUFQxXykzie58/vkuZMYtJ+uyZOT3uXSfRQC1uA8VDWIRVwoLbcE20IFmxq2gEzqdCqsnkxG3S60+T7HOHXhj5zzI9Jp5hh8wzp7w9szaEin2SbKHLGA1spDl6XqkIMQj9jvAQAA//8DvtrkrwwAAA=="
                        },
                        "meta": {},
                        "tainted": false
                    },
                    "deposed": [],
                    "provider": "provider.template"
                },
                "data.template_file.cloud_config_template": {
                    "type": "template_file",
                    "depends_on": [],
                    "primary": {
                        "id": "c2034aa7370ee1e3b336de5525cbf339adf89b56fcc5dfc99899b0f9182f896f",
                        "attributes": {
                            "id": "c2034aa7370ee1e3b336de5525cbf339adf89b56fcc5dfc99899b0f9182f896f",
                            "rendered": "#cloud-config\npackage_update: true\n\npackages:\n - unzip\n - apt-transport-https\n - ca-certificates\n - software-properties-common\n ",
                            "template": "#cloud-config\npackage_update: true\n\npackages:\n - unzip\n - apt-transport-https\n - ca-certificates\n - software-properties-common\n "
                        },
                        "meta": {},
                        "tainted": false
                    },
                    "deposed": [],
                    "provider": "provider.template"
                },
                "data.template_file.consul_service_config": {
                    "type": "template_file",
                    "depends_on": [
                        "azurerm_public_ip.AzurePubIP"
                    ],
                    "primary": {
                        "id": "a148b803e5495ee1ea443a18b4ca0517714aae122c00a9d72dbe6296ba4b3653",
                        "attributes": {
                            "id": "a148b803e5495ee1ea443a18b4ca0517714aae122c00a9d72dbe6296ba4b3653",
                            "rendered": "#!/bin/bash\n\nSERVICE_DIR=\"/etc/systemd/system\"\n\ntouch \"$SERVICE_DIR/consul.service\"\nchmod 755 \"$SERVICE_DIR/consul.service\"\n\nHOST=$(hostname --ip-address)\n\n\n\ncat \u003c\u003c-EOF \u003e \"$SERVICE_DIR/consul.service\"\n\t[Unit]\n\tDescription=consul agent\n\tRequires=network-online.target\n\tAfter=network-online.target \n\t\n\t[Service]\n\tRestart=on-failure\n\tExecStart=/usr/local/bin/consul agent -client=$HOST -data-dir=/etc/consul.d/data -advertise=$HOST -retry-join \"provider=azure  resource_group=HashiExample vm_scale_set=consul tenant_id=d63e7243-4e82-4699-8007-21df05c8fa65 client_id=697aae5d-badf-4a60-af46-2336f1983d94 subscription_id=83828619-1a38-49f2-b989-a46ac41307db secret_access_key=fd165b47-fa11-486e-a5d6-257d0e3c2e0d\"\n\tExecReload=/bin/kill -HUP $MAINPID\n\t\n\t[Install]\n\tWantedBy=multi-user.target\nEOF\n\n systemctl enable consul.service\n\n systemctl start consul",
                            "template": "#!/bin/bash\n\nSERVICE_DIR=\"/etc/systemd/system\"\n\ntouch \"$SERVICE_DIR/consul.service\"\nchmod 755 \"$SERVICE_DIR/consul.service\"\n\nHOST=$(hostname --ip-address)\n\n\n\ncat \u003c\u003c-EOF \u003e \"$SERVICE_DIR/consul.service\"\n\t[Unit]\n\tDescription=consul agent\n\tRequires=network-online.target\n\tAfter=network-online.target \n\t\n\t[Service]\n\tRestart=on-failure\n\tExecStart=/usr/local/bin/consul agent -client=$HOST -data-dir=/etc/consul.d/data -advertise=$HOST -retry-join \"provider=azure  resource_group=${rg_name} vm_scale_set=consul tenant_id=${tenant_id} client_id=${client_id} subscription_id=${subscription_id} secret_access_key=${client_secret}\"\n\tExecReload=/bin/kill -HUP $MAINPID\n\t\n\t[Install]\n\tWantedBy=multi-user.target\nEOF\n\n systemctl enable consul.service\n\n systemctl start consul",
                            "vars.%": "6",
                            "vars.client_id": "697aae5d-badf-4a60-af46-2336f1983d94",
                            "vars.client_secret": "fd165b47-fa11-486e-a5d6-257d0e3c2e0d",
                            "vars.public_ip": "137.117.36.52",
                            "vars.rg_name": "HashiExample",
                            "vars.subscription_id": "83828619-1a38-49f2-b989-a46ac41307db",
                            "vars.tenant_id": "d63e7243-4e82-4699-8007-21df05c8fa65"
                        },
                        "meta": {},
                        "tainted": false
                    },
                    "deposed": [],
                    "provider": "provider.template"
                },
                "data.template_file.nomad_service_config": {
                    "type": "template_file",
                    "depends_on": [],
                    "primary": {
                        "id": "0495d6e05fc0756f792dbce530c06bcf05b253d256b15ddb4a26a6031ea63b34",
                        "attributes": {
                            "id": "0495d6e05fc0756f792dbce530c06bcf05b253d256b15ddb4a26a6031ea63b34",
                            "rendered": "#!/bin/bash\n\nSERVICE_DIR=\"/etc/systemd/system\"\n\ntouch \"$SERVICE_DIR/nomad.service\"\nchmod 755 \"$SERVICE_DIR/nomad.service\"\n\nmkdir -p /opt/nomad/alloc /opt/nomad/data\nchmod -R 775 /opt/nomad\n\nHOST=$(hostname --ip-address)\n\nif [[ $HOSTNAME = *\"nomad\"* ]]; then\n\tcat \u003c\u003c-EOF \u003e \"/etc/nomad.d/conf.hcl\"\n\t\tclient {\n\t\t\tchroot_env {\n\t\t\t\t\"/bin\"           \t= \"/bin\"\n\t\t\t\t\"/lib\" \t\t\t\t= \"/lib\"\n  \t\t\t\t\"/lib32\" \t\t\t= \"/lib32\"\n  \t\t\t\t\"/lib64\" \t\t\t= \"/lib64\"\n  \t\t\t\t\"/run/resolvconf\" \t= \"/run/resolvconf\"\n  \t\t\t\t\"/sbin\" \t\t\t= \"/sbin\"\n\t\t\t}\n\t\t}\n\tEOF\n\n\n\tcat \u003c\u003c-EOF \u003e \"$SERVICE_DIR/nomad.service\"\n\t\t[Unit]\n\t\tDescription=nomad agent\n\t\tRequires=network-online.target\n\t\tAfter=network-online.target consul.service\n\t\t\n\t\t[Service]\n\t\tRestart=on-failure\n\t\tExecStart=/usr/local/bin/nomad agent -config=/etc/nomad.d/conf.hcl -data-dir=/opt/nomad/data -alloc-dir=/opt/nomad/alloc --bind=$HOST -client -consul-address=localhost:8500 \n\t\tExecReload=/bin/kill -HUP $MAINPID\n\t\t\n\t\t[Install]\n\t\tWantedBy=multi-user.target\n\tEOF\n\n\tsystemctl enable nomad.service\n\n\tsystemctl start nomad\nelse\n\texit 0\nfi",
                            "template": "#!/bin/bash\n\nSERVICE_DIR=\"/etc/systemd/system\"\n\ntouch \"$SERVICE_DIR/nomad.service\"\nchmod 755 \"$SERVICE_DIR/nomad.service\"\n\nmkdir -p /opt/nomad/alloc /opt/nomad/data\nchmod -R 775 /opt/nomad\n\nHOST=$(hostname --ip-address)\n\nif [[ $HOSTNAME = *\"nomad\"* ]]; then\n\tcat \u003c\u003c-EOF \u003e \"/etc/nomad.d/conf.hcl\"\n\t\tclient {\n\t\t\tchroot_env {\n\t\t\t\t\"/bin\"           \t= \"/bin\"\n\t\t\t\t\"/lib\" \t\t\t\t= \"/lib\"\n  \t\t\t\t\"/lib32\" \t\t\t= \"/lib32\"\n  \t\t\t\t\"/lib64\" \t\t\t= \"/lib64\"\n  \t\t\t\t\"/run/resolvconf\" \t= \"/run/resolvconf\"\n  \t\t\t\t\"/sbin\" \t\t\t= \"/sbin\"\n\t\t\t}\n\t\t}\n\tEOF\n\n\n\tcat \u003c\u003c-EOF \u003e \"$SERVICE_DIR/nomad.service\"\n\t\t[Unit]\n\t\tDescription=nomad agent\n\t\tRequires=network-online.target\n\t\tAfter=network-online.target consul.service\n\t\t\n\t\t[Service]\n\t\tRestart=on-failure\n\t\tExecStart=/usr/local/bin/nomad agent -config=/etc/nomad.d/conf.hcl -data-dir=/opt/nomad/data -alloc-dir=/opt/nomad/alloc --bind=$HOST -client -consul-address=localhost:8500 \n\t\tExecReload=/bin/kill -HUP $MAINPID\n\t\t\n\t\t[Install]\n\t\tWantedBy=multi-user.target\n\tEOF\n\n\tsystemctl enable nomad.service\n\n\tsystemctl start nomad\nelse\n\texit 0\nfi"
                        },
                        "meta": {},
                        "tainted": false
                    },
                    "deposed": [],
                    "provider": "provider.template"
                },
                "random_string.fqdn": {
                    "type": "random_string",
                    "depends_on": [],
                    "primary": {
                        "id": "none",
                        "attributes": {
                            "id": "none",
                            "length": "6",
                            "lower": "true",
                            "min_lower": "0",
                            "min_numeric": "0",
                            "min_special": "0",
                            "min_upper": "0",
                            "number": "false",
                            "result": "altyvl",
                            "special": "false",
                            "upper": "false"
                        },
                        "meta": {
                            "schema_version": "1"
                        },
                        "tainted": false
                    },
                    "deposed": [],
                    "provider": "provider.random"
                }
            },
            "depends_on": []
        },
        {
            "path": [
                "root",
                "NomadServerTier"
            ],
            "outputs": {
                "public_fqdn": {
                    "sensitive": false,
                    "type": "string",
                    "value": "dgsmgo.eastus.cloudapp.azure.com"
                },
                "public_ip": {
                    "sensitive": false,
                    "type": "string",
                    "value": "104.45.157.235"
                }
            },
            "resources": {
                "azurerm_lb.AzureLB": {
                    "type": "azurerm_lb",
                    "depends_on": [
                        "azurerm_public_ip.AzurePubIP"
                    ],
                    "primary": {
                        "id": "/subscriptions/83828619-1a38-49f2-b989-a46ac41307db/resourceGroups/HashiExample/providers/Microsoft.Network/loadBalancers/nomadserverloadbal",
                        "attributes": {
                            "frontend_ip_configuration.#": "1",
                            "frontend_ip_configuration.0.inbound_nat_rules.#": "0",
                            "frontend_ip_configuration.0.load_balancer_rules.#": "0",
                            "frontend_ip_configuration.0.name": "PublicIPAddress",
                            "frontend_ip_configuration.0.private_ip_address": "",
                            "frontend_ip_configuration.0.private_ip_address_allocation": "Dynamic",
                            "frontend_ip_configuration.0.public_ip_address_id": "/subscriptions/83828619-1a38-49f2-b989-a46ac41307db/resourceGroups/HashiExample/providers/Microsoft.Network/publicIPAddresses/nomadserverpubip",
                            "frontend_ip_configuration.0.subnet_id": "",
                            "frontend_ip_configuration.0.zones.#": "0",
                            "id": "/subscriptions/83828619-1a38-49f2-b989-a46ac41307db/resourceGroups/HashiExample/providers/Microsoft.Network/loadBalancers/nomadserverloadbal",
                            "location": "eastus",
                            "name": "nomadserverloadbal",
                            "private_ip_address": "",
                            "private_ip_addresses.#": "0",
                            "resource_group_name": "HashiExample",
                            "sku": "Basic",
                            "tags.%": "0"
                        },
                        "meta": {},
                        "tainted": false
                    },
                    "deposed": [],
                    "provider": "provider.azurerm"
                },
                "azurerm_lb_backend_address_pool.AzureBEPool": {
                    "type": "azurerm_lb_backend_address_pool",
                    "depends_on": [
                        "azurerm_lb.AzureLB"
                    ],
                    "primary": {
                        "id": "/subscriptions/83828619-1a38-49f2-b989-a46ac41307db/resourceGroups/HashiExample/providers/Microsoft.Network/loadBalancers/nomadserverloadbal/backendAddressPools/nomadserverbepool",
                        "attributes": {
                            "backend_ip_configurations.#": "0",
                            "id": "/subscriptions/83828619-1a38-49f2-b989-a46ac41307db/resourceGroups/HashiExample/providers/Microsoft.Network/loadBalancers/nomadserverloadbal/backendAddressPools/nomadserverbepool",
                            "load_balancing_rules.#": "0",
                            "loadbalancer_id": "/subscriptions/83828619-1a38-49f2-b989-a46ac41307db/resourceGroups/HashiExample/providers/Microsoft.Network/loadBalancers/nomadserverloadbal",
                            "name": "nomadserverbepool",
                            "resource_group_name": "HashiExample"
                        },
                        "meta": {},
                        "tainted": false
                    },
                    "deposed": [],
                    "provider": "provider.azurerm"
                },
                "azurerm_public_ip.AzurePubIP": {
                    "type": "azurerm_public_ip",
                    "depends_on": [
                        "random_string.fqdn"
                    ],
                    "primary": {
                        "id": "/subscriptions/83828619-1a38-49f2-b989-a46ac41307db/resourceGroups/HashiExample/providers/Microsoft.Network/publicIPAddresses/nomadserverpubip",
                        "attributes": {
                            "domain_name_label": "dgsmgo",
                            "fqdn": "dgsmgo.eastus.cloudapp.azure.com",
                            "id": "/subscriptions/83828619-1a38-49f2-b989-a46ac41307db/resourceGroups/HashiExample/providers/Microsoft.Network/publicIPAddresses/nomadserverpubip",
                            "idle_timeout_in_minutes": "4",
                            "ip_address": "104.45.157.235",
                            "location": "eastus",
                            "name": "nomadserverpubip",
                            "public_ip_address_allocation": "static",
                            "resource_group_name": "HashiExample",
                            "sku": "Basic",
                            "tags.%": "1",
                            "tags.environment": "staging",
                            "zones.#": "0"
                        },
                        "meta": {},
                        "tainted": false
                    },
                    "deposed": [],
                    "provider": "provider.azurerm"
                },
                "azurerm_virtual_machine_scale_set.AzureScaleSet": {
                    "type": "azurerm_virtual_machine_scale_set",
                    "depends_on": [
                        "azurerm_lb_backend_address_pool.AzureBEPool",
                        "data.template_cloudinit_config.cloud_config"
                    ],
                    "primary": {
                        "id": "/subscriptions/83828619-1a38-49f2-b989-a46ac41307db/resourceGroups/HashiExample/providers/Microsoft.Compute/virtualMachineScaleSets/nomadserver",
                        "attributes": {
                            "extension.#": "0",
                            "id": "/subscriptions/83828619-1a38-49f2-b989-a46ac41307db/resourceGroups/HashiExample/providers/Microsoft.Compute/virtualMachineScaleSets/nomadserver",
                            "identity.#": "0",
                            "license_type": "",
                            "location": "eastus",
                            "name": "nomadserver",
                            "network_profile.#": "1",
                            "network_profile.3536943145.accelerated_networking": "false",
                            "network_profile.3536943145.dns_settings.#": "1",
                            "network_profile.3536943145.dns_settings.0.dns_servers.#": "0",
                            "network_profile.3536943145.ip_configuration.#": "1",
                            "network_profile.3536943145.ip_configuration.0.application_gateway_backend_address_pool_ids.#": "0",
                            "network_profile.3536943145.ip_configuration.0.load_balancer_backend_address_pool_ids.#": "1",
                            "network_profile.3536943145.ip_configuration.0.load_balancer_backend_address_pool_ids.3567402840": "/subscriptions/83828619-1a38-49f2-b989-a46ac41307db/resourceGroups/HashiExample/providers/Microsoft.Network/loadBalancers/nomadserverloadbal/backendAddressPools/nomadserverbepool",
                            "network_profile.3536943145.ip_configuration.0.load_balancer_inbound_nat_rules_ids.#": "0",
                            "network_profile.3536943145.ip_configuration.0.name": "PrimaryNICConfig",
                            "network_profile.3536943145.ip_configuration.0.primary": "true",
                            "network_profile.3536943145.ip_configuration.0.public_ip_address_configuration.#": "0",
                            "network_profile.3536943145.ip_configuration.0.subnet_id": "/subscriptions/83828619-1a38-49f2-b989-a46ac41307db/resourceGroups/HashiExample/providers/Microsoft.Network/virtualNetworks/acctvnet/subnets/acctsubnet",
                            "network_profile.3536943145.ip_forwarding": "false",
                            "network_profile.3536943145.name": "PrimaryNIC",
                            "network_profile.3536943145.network_security_group_id": "",
                            "network_profile.3536943145.primary": "true",
                            "os_profile.#": "1",
                            "os_profile.0.admin_password": "testhorse",
                            "os_profile.0.admin_username": "mike",
                            "os_profile.0.computer_name_prefix": "nomadserver",
                            "os_profile.0.custom_data": "H4sIAAAAAAAA/9SW32/bNhDHn0Ug/8NNy8NW4Cz//pFWA9LGRQMsTZG0HYYgMCjyZHOWSI2kUrvYHz9IslPbTZMV6MueLB2P97073ofyK6M9aY/v1wWdQF5mXhXc+ihXK5LPITGlltyu4/Di/GL68vLD27PTqz9DVr3hR7JOGX0CnVb7iB0xxF2nI3Yf23LtUrI41cJIpecnMEqU33GoxT2tfCQyU0oURqdqfsQuVE5fyfy868MKLpZ8TrOykNxXUWxJbGt1JwwQSv1ZFdUDLzz6KpnCWI8L7wtXmQVHQdarVAnuqTY5k/pP3BIW1hTVGjkUJs+NZvBjCl2hW1CWOWFV4b9V6U9RonSUcLdgTJQ2A3TXv0NYZ34SRZYy4o5ca8HdQglji5YweaRNzmXUbo1bg+Z5Vj/PMqXL1YzncthvfVZFCGgg8nnROFWm7xARRrsyizqtbqu3eZnVL9+WabxqnfpIDsQBZW1hSjvPs2xnGaLS2Sgzgmd1R2rjbpAvoR+O0qwfhmmsrJFAXnojTF5k5Ak3uzcNSfc6Is0nnRkuW9KIJdm6HXXRUZmU2pfRvJiH8E89bktaA5cSkHEpsbJYKoxT3tg1hJISuOFWLOK6XbfwXyVgRVrxDJznSUYhqwLPyUNDAeD63rJtA66hiYWCWL6UygIWEJEXmxOQkeSeM7HIjYTRaLC3drBj0+6Ht2wX2Q+6Er6blOvp1cfzV9PZ2flVHNYpubXzlMvNb8iYN6VYQHi847rN25G9U4LCbVmDwRN+7M3l9fv4+JeFcV7znABRFciltOTcr4wxJriHFy9wevkafnsiWHDzQSt/y4IzagpWRseb6eVz0p4FV/R3qSy5WJP/ZOwSjc6Uppbndk6eBaepJ/vwIrCABTfXjdhtFcp5bn1sNKZcZaUlFkxXJK5r64O0NFkAikyR9vFxVTxgNQcolY2/Hg9ALu+qK9TR1tuSt2v8yygNYWHNnZJkY/65tARgyZnSCprNrSmL+E116UxXvMIS7vKZEzyjmSO/bYonzbWfKRnLYY9G3X4P+zTuYn84meC43R5htyPT9kCMUz4cQJN25T6cjDingcSEyxT7fNhGnvaH2O31hmlnMu7JSR9cmdwfQ7Vp3Bt3x8POBDu8N8b+JO1iMhlPkPeHXPQ7vfZIJuBIWPIzLgQ5N1vSOk5lZzhI+iNMeaeD/fGQkA/kELuDkWxTT3SpLcOm9VdUcR/XHV+qCtw3H97B8cXp+dt352f1+Z03SN+y4A+uPcmX67j+cGPpyG7HYHr5mjFoBl74DEhXNwXsz9ueRz0KG4f/F7nNJfUkuAduT3GrUri5gXpk355eTCGGZ2EdInwGt7fPwS9Is+ARtg/0gnu29+Buvj4btp+E+1G6Dw43CCrNL7Q/iPu3ed9J7BDw3S8GICZKyy3blThZwMQY77zlBdKqIOHjDmCT37bFcS1Vdf9kPGi3YZPLUwDURX1B4DEGghqC4CsI9g5mz6FhoPl7QZkjFtBKeWizVB0igXjE/g0AAP//CpbK1T4LAAA=",
                            "os_profile_linux_config.#": "1",
                            "os_profile_linux_config.69840937.disable_password_authentication": "true",
                            "os_profile_linux_config.69840937.ssh_keys.#": "1",
                            "os_profile_linux_config.69840937.ssh_keys.0.key_data": "ssh-rsa AAAAB3NzaC1yc2EAAAADAQABAAABAQCdAAxDpxdCrYCfnLv8aWoTe6XllI9d4At8+Ys5LlY2h3Qi+Aicdchu9N+Ltsu8aUVpgzChD1OmRaB+ZSEfoQu0S+9tesy6h5/GMTyJBq/+ScGhnXe7x9TCY1+Oslia+62j4sxmqGw42s2OHoc1b0A4NUdVnd62DvKNB4JEUM9MvyIhCABayeg2nkI0TDLQ9em/DqOPrn6ayvPWvgtKsJ7T4ia/XLbtO+JOv+TRYvTilkLJOLg6L/hxpFGBvwuMq7LriqxCtUYe//yJFx/K0svoCu/zzvKwFI527i2P7qf4/a3D1/NpEqInePatW80l6mMg9+g0XS+aMGCBM9V5y7ah mike@Michaels-MacBook-Pro.local\n",
                            "os_profile_linux_config.69840937.ssh_keys.0.path": "/home/mike/.ssh/authorized_keys",
                            "os_profile_secrets.#": "0",
                            "overprovision": "true",
                            "priority": "",
                            "resource_group_name": "HashiExample",
                            "single_placement_group": "true",
                            "sku.#": "1",
                            "sku.0.capacity": "1",
                            "sku.0.name": "Standard_B1ms",
                            "sku.0.tier": "Standard",
                            "storage_profile_data_disk.#": "1",
                            "storage_profile_data_disk.0.caching": "ReadWrite",
                            "storage_profile_data_disk.0.create_option": "Empty",
                            "storage_profile_data_disk.0.disk_size_gb": "10",
                            "storage_profile_data_disk.0.lun": "0",
                            "storage_profile_data_disk.0.managed_disk_type": "Standard_LRS",
                            "storage_profile_image_reference.#": "1",
                            "storage_profile_image_reference.4248655398.id": "",
                            "storage_profile_image_reference.4248655398.offer": "UbuntuServer",
                            "storage_profile_image_reference.4248655398.publisher": "Canonical",
                            "storage_profile_image_reference.4248655398.sku": "16.04-LTS",
                            "storage_profile_image_reference.4248655398.version": "latest",
                            "storage_profile_os_disk.#": "1",
                            "storage_profile_os_disk.1497306818.caching": "ReadWrite",
                            "storage_profile_os_disk.1497306818.create_option": "FromImage",
                            "storage_profile_os_disk.1497306818.image": "",
                            "storage_profile_os_disk.1497306818.managed_disk_type": "Standard_LRS",
                            "storage_profile_os_disk.1497306818.name": "",
                            "storage_profile_os_disk.1497306818.os_type": "",
                            "storage_profile_os_disk.1497306818.vhd_containers.#": "0",
                            "tags.%": "1",
                            "tags.role": "nomadserver",
                            "upgrade_policy_mode": "Manual",
                            "zones.#": "0"
                        },
                        "meta": {},
                        "tainted": false
                    },
                    "deposed": [],
                    "provider": "provider.azurerm"
                },
                "data.template_cloudinit_config.cloud_config": {
                    "type": "template_cloudinit_config",
                    "depends_on": [
                        "data.template_file.cloud_config_template",
                        "data.template_file.consul_service_config",
                        "data.template_file.nomad_service_config"
                    ],
                    "primary": {
                        "id": "2980697522",
                        "attributes": {
                            "base64_encode": "true",
                            "gzip": "true",
                            "id": "2980697522",
                            "part.#": "4",
                            "part.0.content": "#cloud-config\npackage_update: true\n\npackages:\n - unzip\n - apt-transport-https\n - ca-certificates\n - software-properties-common\n ",
                            "part.0.content_type": "text/cloud-config",
                            "part.0.filename": "",
                            "part.0.merge_type": "",
                            "part.1.content": "#!/bin/bash\n\ncurl -sSL \"https://releases.hashicorp.com/nomad/0.8.5/nomad_0.8.5_linux_amd64.zip\" -o /tmp/nomad.zip\ncurl -sSL \"https://releases.hashicorp.com/consul/1.2.3/consul_1.2.3_linux_amd64.zip\" -o /tmp/consul.zip\nunzip /tmp/nomad.zip -d /tmp\ninstall /tmp/nomad /usr/local/bin/nomad\nunzip /tmp/consul.zip -d /tmp\ninstall /tmp/consul /usr/local/bin/consul\nnomad -autocomplete-install\ncurl -fsSL \"https://download.docker.com/linux/ubuntu/gpg\" | apt-key add -\nadd-apt-repository \"deb [arch=amd64] https://download.docker.com/linux/ubuntu xenial stable\"\napt-get update -y\napt-get install -y docker-ce\nmkdir -p /etc/nomad.d/data\nchmod 775 /etc/nomad.d\nmkdir -p /etc/consul.d/data\nchmod 775 /etc/consul.d\n\n",
                            "part.1.content_type": "text/x-shellscript",
                            "part.1.filename": "",
                            "part.1.merge_type": "",
                            "part.2.content": "#!/bin/bash\n\nSERVICE_DIR=\"/etc/systemd/system\"\n\ntouch \"$SERVICE_DIR/consul.service\"\nchmod 755 \"$SERVICE_DIR/consul.service\"\n\nHOST=$(hostname --ip-address)\n\n\n\ncat \u003c\u003c-EOF \u003e \"$SERVICE_DIR/consul.service\"\n\t[Unit]\n\tDescription=consul agent\n\tRequires=network-online.target\n\tAfter=network-online.target \n\t\n\t[Service]\n\tRestart=on-failure\n\tExecStart=/usr/local/bin/consul agent -client=$HOST -data-dir=/etc/consul.d/data -advertise=$HOST -retry-join \"provider=azure  resource_group=HashiExample vm_scale_set=consul tenant_id=d63e7243-4e82-4699-8007-21df05c8fa65 client_id=697aae5d-badf-4a60-af46-2336f1983d94 subscription_id=83828619-1a38-49f2-b989-a46ac41307db secret_access_key=fd165b47-fa11-486e-a5d6-257d0e3c2e0d\"\n\tExecReload=/bin/kill -HUP $MAINPID\n\t\n\t[Install]\n\tWantedBy=multi-user.target\nEOF\n\n systemctl enable consul.service\n\n systemctl start consul",
                            "part.2.content_type": "text/x-shellscript",
                            "part.2.filename": "",
                            "part.2.merge_type": "",
                            "part.3.content": "#!/bin/bash\n\nSERVICE_DIR=\"/etc/systemd/system\"\n\ntouch \"$SERVICE_DIR/nomad.service\"\nchmod 755 \"$SERVICE_DIR/nomad.service\"\n\nHOST=$(hostname --ip-address)\n\nif [[ $HOSTNAME = *\"nomad\"* ]]; then\n\tcat \u003c\u003c-EOF \u003e \"$SERVICE_DIR/nomad.service\"\n\t\t[Unit]\n\t\tDescription=nomad agent\n\t\tRequires=network-online.target\n\t\tAfter=network-online.target consul.service\n\t\t\n\t\t[Service]\n\t\tRestart=on-failure\n\t\tExecStart=/usr/local/bin/nomad agent -data-dir=/etc/nomad.d/data --bind=$HOST -server -bootstrap-expect=1 -consul-address=localhost:8500 \n\t\tExecReload=/bin/kill -HUP $MAINPID\n\t\t\n\t\t[Install]\n\t\tWantedBy=multi-user.target\n\tEOF\n\n\tsystemctl enable nomad.service\n\n\tsystemctl start nomad\nelse\n\texit 0\nfi",
                            "part.3.content_type": "text/x-shellscript",
                            "part.3.filename": "",
                            "part.3.merge_type": "",
                            "rendered": "H4sIAAAAAAAA/9SW32/bNhDHn0Ug/8NNy8NW4Cz//pFWA9LGRQMsTZG0HYYgMCjyZHOWSI2kUrvYHz9IslPbTZMV6MueLB2P97073ofyK6M9aY/v1wWdQF5mXhXc+ihXK5LPITGlltyu4/Di/GL68vLD27PTqz9DVr3hR7JOGX0CnVb7iB0xxF2nI3Yf23LtUrI41cJIpecnMEqU33GoxT2tfCQyU0oURqdqfsQuVE5fyfy868MKLpZ8TrOykNxXUWxJbGt1JwwQSv1ZFdUDLzz6KpnCWI8L7wtXmQVHQdarVAnuqTY5k/pP3BIW1hTVGjkUJs+NZvBjCl2hW1CWOWFV4b9V6U9RonSUcLdgTJQ2A3TXv0NYZ34SRZYy4o5ca8HdQglji5YweaRNzmXUbo1bg+Z5Vj/PMqXL1YzncthvfVZFCGgg8nnROFWm7xARRrsyizqtbqu3eZnVL9+WabxqnfpIDsQBZW1hSjvPs2xnGaLS2Sgzgmd1R2rjbpAvoR+O0qwfhmmsrJFAXnojTF5k5Ak3uzcNSfc6Is0nnRkuW9KIJdm6HXXRUZmU2pfRvJiH8E89bktaA5cSkHEpsbJYKoxT3tg1hJISuOFWLOK6XbfwXyVgRVrxDJznSUYhqwLPyUNDAeD63rJtA66hiYWCWL6UygIWEJEXmxOQkeSeM7HIjYTRaLC3drBj0+6Ht2wX2Q+6Er6blOvp1cfzV9PZ2flVHNYpubXzlMvNb8iYN6VYQHi847rN25G9U4LCbVmDwRN+7M3l9fv4+JeFcV7znABRFciltOTcr4wxJriHFy9wevkafnsiWHDzQSt/y4IzagpWRseb6eVz0p4FV/R3qSy5WJP/ZOwSjc6Uppbndk6eBaepJ/vwIrCABTfXjdhtFcp5bn1sNKZcZaUlFkxXJK5r64O0NFkAikyR9vFxVTxgNQcolY2/Hg9ALu+qK9TR1tuSt2v8yygNYWHNnZJkY/65tARgyZnSCprNrSmL+E116UxXvMIS7vKZEzyjmSO/bYonzbWfKRnLYY9G3X4P+zTuYn84meC43R5htyPT9kCMUz4cQJN25T6cjDingcSEyxT7fNhGnvaH2O31hmlnMu7JSR9cmdwfQ7Vp3Bt3x8POBDu8N8b+JO1iMhlPkPeHXPQ7vfZIJuBIWPIzLgQ5N1vSOk5lZzhI+iNMeaeD/fGQkA/kELuDkWxTT3SpLcOm9VdUcR/XHV+qCtw3H97B8cXp+dt352f1+Z03SN+y4A+uPcmX67j+cGPpyG7HYHr5mjFoBl74DEhXNwXsz9ueRz0KG4f/F7nNJfUkuAduT3GrUri5gXpk355eTCGGZ2EdInwGt7fPwS9Is+ARtg/0gnu29+Buvj4btp+E+1G6Dw43CCrNL7Q/iPu3ed9J7BDw3S8GICZKyy3blThZwMQY77zlBdKqIOHjDmCT37bFcS1Vdf9kPGi3YZPLUwDURX1B4DEGghqC4CsI9g5mz6FhoPl7QZkjFtBKeWizVB0igXjE/g0AAP//CpbK1T4LAAA="
                        },
                        "meta": {},
                        "tainted": false
                    },
                    "deposed": [],
                    "provider": "provider.template"
                },
                "data.template_file.cloud_config_template": {
                    "type": "template_file",
                    "depends_on": [],
                    "primary": {
                        "id": "c2034aa7370ee1e3b336de5525cbf339adf89b56fcc5dfc99899b0f9182f896f",
                        "attributes": {
                            "id": "c2034aa7370ee1e3b336de5525cbf339adf89b56fcc5dfc99899b0f9182f896f",
                            "rendered": "#cloud-config\npackage_update: true\n\npackages:\n - unzip\n - apt-transport-https\n - ca-certificates\n - software-properties-common\n ",
                            "template": "#cloud-config\npackage_update: true\n\npackages:\n - unzip\n - apt-transport-https\n - ca-certificates\n - software-properties-common\n "
                        },
                        "meta": {},
                        "tainted": false
                    },
                    "deposed": [],
                    "provider": "provider.template"
                },
                "data.template_file.consul_service_config": {
                    "type": "template_file",
                    "depends_on": [
                        "azurerm_public_ip.AzurePubIP"
                    ],
                    "primary": {
                        "id": "a148b803e5495ee1ea443a18b4ca0517714aae122c00a9d72dbe6296ba4b3653",
                        "attributes": {
                            "id": "a148b803e5495ee1ea443a18b4ca0517714aae122c00a9d72dbe6296ba4b3653",
                            "rendered": "#!/bin/bash\n\nSERVICE_DIR=\"/etc/systemd/system\"\n\ntouch \"$SERVICE_DIR/consul.service\"\nchmod 755 \"$SERVICE_DIR/consul.service\"\n\nHOST=$(hostname --ip-address)\n\n\n\ncat \u003c\u003c-EOF \u003e \"$SERVICE_DIR/consul.service\"\n\t[Unit]\n\tDescription=consul agent\n\tRequires=network-online.target\n\tAfter=network-online.target \n\t\n\t[Service]\n\tRestart=on-failure\n\tExecStart=/usr/local/bin/consul agent -client=$HOST -data-dir=/etc/consul.d/data -advertise=$HOST -retry-join \"provider=azure  resource_group=HashiExample vm_scale_set=consul tenant_id=d63e7243-4e82-4699-8007-21df05c8fa65 client_id=697aae5d-badf-4a60-af46-2336f1983d94 subscription_id=83828619-1a38-49f2-b989-a46ac41307db secret_access_key=fd165b47-fa11-486e-a5d6-257d0e3c2e0d\"\n\tExecReload=/bin/kill -HUP $MAINPID\n\t\n\t[Install]\n\tWantedBy=multi-user.target\nEOF\n\n systemctl enable consul.service\n\n systemctl start consul",
                            "template": "#!/bin/bash\n\nSERVICE_DIR=\"/etc/systemd/system\"\n\ntouch \"$SERVICE_DIR/consul.service\"\nchmod 755 \"$SERVICE_DIR/consul.service\"\n\nHOST=$(hostname --ip-address)\n\n\n\ncat \u003c\u003c-EOF \u003e \"$SERVICE_DIR/consul.service\"\n\t[Unit]\n\tDescription=consul agent\n\tRequires=network-online.target\n\tAfter=network-online.target \n\t\n\t[Service]\n\tRestart=on-failure\n\tExecStart=/usr/local/bin/consul agent -client=$HOST -data-dir=/etc/consul.d/data -advertise=$HOST -retry-join \"provider=azure  resource_group=${rg_name} vm_scale_set=consul tenant_id=${tenant_id} client_id=${client_id} subscription_id=${subscription_id} secret_access_key=${client_secret}\"\n\tExecReload=/bin/kill -HUP $MAINPID\n\t\n\t[Install]\n\tWantedBy=multi-user.target\nEOF\n\n systemctl enable consul.service\n\n systemctl start consul",
                            "vars.%": "6",
                            "vars.client_id": "697aae5d-badf-4a60-af46-2336f1983d94",
                            "vars.client_secret": "fd165b47-fa11-486e-a5d6-257d0e3c2e0d",
                            "vars.public_ip": "104.45.157.235",
                            "vars.rg_name": "HashiExample",
                            "vars.subscription_id": "83828619-1a38-49f2-b989-a46ac41307db",
                            "vars.tenant_id": "d63e7243-4e82-4699-8007-21df05c8fa65"
                        },
                        "meta": {},
                        "tainted": false
                    },
                    "deposed": [],
                    "provider": "provider.template"
                },
                "data.template_file.nomad_service_config": {
                    "type": "template_file",
                    "depends_on": [],
                    "primary": {
                        "id": "79ebca75d55084f3ee7e3ed068fb59022a7bbc94b1aca65a0bca4dc9c4fd03b6",
                        "attributes": {
                            "id": "79ebca75d55084f3ee7e3ed068fb59022a7bbc94b1aca65a0bca4dc9c4fd03b6",
                            "rendered": "#!/bin/bash\n\nSERVICE_DIR=\"/etc/systemd/system\"\n\ntouch \"$SERVICE_DIR/nomad.service\"\nchmod 755 \"$SERVICE_DIR/nomad.service\"\n\nHOST=$(hostname --ip-address)\n\nif [[ $HOSTNAME = *\"nomad\"* ]]; then\n\tcat \u003c\u003c-EOF \u003e \"$SERVICE_DIR/nomad.service\"\n\t\t[Unit]\n\t\tDescription=nomad agent\n\t\tRequires=network-online.target\n\t\tAfter=network-online.target consul.service\n\t\t\n\t\t[Service]\n\t\tRestart=on-failure\n\t\tExecStart=/usr/local/bin/nomad agent -data-dir=/etc/nomad.d/data --bind=$HOST -server -bootstrap-expect=1 -consul-address=localhost:8500 \n\t\tExecReload=/bin/kill -HUP $MAINPID\n\t\t\n\t\t[Install]\n\t\tWantedBy=multi-user.target\n\tEOF\n\n\tsystemctl enable nomad.service\n\n\tsystemctl start nomad\nelse\n\texit 0\nfi",
                            "template": "#!/bin/bash\n\nSERVICE_DIR=\"/etc/systemd/system\"\n\ntouch \"$SERVICE_DIR/nomad.service\"\nchmod 755 \"$SERVICE_DIR/nomad.service\"\n\nHOST=$(hostname --ip-address)\n\nif [[ $HOSTNAME = *\"nomad\"* ]]; then\n\tcat \u003c\u003c-EOF \u003e \"$SERVICE_DIR/nomad.service\"\n\t\t[Unit]\n\t\tDescription=nomad agent\n\t\tRequires=network-online.target\n\t\tAfter=network-online.target consul.service\n\t\t\n\t\t[Service]\n\t\tRestart=on-failure\n\t\tExecStart=/usr/local/bin/nomad agent -data-dir=/etc/nomad.d/data --bind=$HOST -server -bootstrap-expect=1 -consul-address=localhost:8500 \n\t\tExecReload=/bin/kill -HUP $MAINPID\n\t\t\n\t\t[Install]\n\t\tWantedBy=multi-user.target\n\tEOF\n\n\tsystemctl enable nomad.service\n\n\tsystemctl start nomad\nelse\n\texit 0\nfi"
                        },
                        "meta": {},
                        "tainted": false
                    },
                    "deposed": [],
                    "provider": "provider.template"
                },
                "random_string.fqdn": {
                    "type": "random_string",
                    "depends_on": [],
                    "primary": {
                        "id": "none",
                        "attributes": {
                            "id": "none",
                            "length": "6",
                            "lower": "true",
                            "min_lower": "0",
                            "min_numeric": "0",
                            "min_special": "0",
                            "min_upper": "0",
                            "number": "false",
                            "result": "dgsmgo",
                            "special": "false",
                            "upper": "false"
                        },
                        "meta": {
                            "schema_version": "1"
                        },
                        "tainted": false
                    },
                    "deposed": [],
                    "provider": "provider.random"
                }
            },
            "depends_on": []
        },
        {
            "path": [
                "root",
                "ConsulTier",
                "AzureLBRules"
            ],
            "outputs": {},
            "resources": {
                "azurerm_lb_probe.4646": {
                    "type": "azurerm_lb_probe",
                    "depends_on": [],
                    "primary": {
                        "id": "/subscriptions/83828619-1a38-49f2-b989-a46ac41307db/resourceGroups/HashiExample/providers/Microsoft.Network/loadBalancers/consulserverloadbal/probes/4646-running-probe",
                        "attributes": {
                            "id": "/subscriptions/83828619-1a38-49f2-b989-a46ac41307db/resourceGroups/HashiExample/providers/Microsoft.Network/loadBalancers/consulserverloadbal/probes/4646-running-probe",
                            "interval_in_seconds": "15",
                            "load_balancer_rules.#": "0",
                            "loadbalancer_id": "/subscriptions/83828619-1a38-49f2-b989-a46ac41307db/resourceGroups/HashiExample/providers/Microsoft.Network/loadBalancers/consulserverloadbal",
                            "name": "4646-running-probe",
                            "number_of_probes": "2",
                            "port": "4646",
                            "protocol": "Tcp",
                            "request_path": "",
                            "resource_group_name": "HashiExample"
                        },
                        "meta": {},
                        "tainted": false
                    },
                    "deposed": [],
                    "provider": "provider.azurerm"
                },
                "azurerm_lb_probe.4647": {
                    "type": "azurerm_lb_probe",
                    "depends_on": [],
                    "primary": {
                        "id": "/subscriptions/83828619-1a38-49f2-b989-a46ac41307db/resourceGroups/HashiExample/providers/Microsoft.Network/loadBalancers/consulserverloadbal/probes/4647-running-probe",
                        "attributes": {
                            "id": "/subscriptions/83828619-1a38-49f2-b989-a46ac41307db/resourceGroups/HashiExample/providers/Microsoft.Network/loadBalancers/consulserverloadbal/probes/4647-running-probe",
                            "interval_in_seconds": "15",
                            "load_balancer_rules.#": "0",
                            "loadbalancer_id": "/subscriptions/83828619-1a38-49f2-b989-a46ac41307db/resourceGroups/HashiExample/providers/Microsoft.Network/loadBalancers/consulserverloadbal",
                            "name": "4647-running-probe",
                            "number_of_probes": "2",
                            "port": "4647",
                            "protocol": "Tcp",
                            "request_path": "",
                            "resource_group_name": "HashiExample"
                        },
                        "meta": {},
                        "tainted": false
                    },
                    "deposed": [],
                    "provider": "provider.azurerm"
                },
                "azurerm_lb_probe.8300": {
                    "type": "azurerm_lb_probe",
                    "depends_on": [],
                    "primary": {
                        "id": "/subscriptions/83828619-1a38-49f2-b989-a46ac41307db/resourceGroups/HashiExample/providers/Microsoft.Network/loadBalancers/consulserverloadbal/probes/8300-running-probe",
                        "attributes": {
                            "id": "/subscriptions/83828619-1a38-49f2-b989-a46ac41307db/resourceGroups/HashiExample/providers/Microsoft.Network/loadBalancers/consulserverloadbal/probes/8300-running-probe",
                            "interval_in_seconds": "15",
                            "load_balancer_rules.#": "0",
                            "loadbalancer_id": "/subscriptions/83828619-1a38-49f2-b989-a46ac41307db/resourceGroups/HashiExample/providers/Microsoft.Network/loadBalancers/consulserverloadbal",
                            "name": "8300-running-probe",
                            "number_of_probes": "2",
                            "port": "8300",
                            "protocol": "Tcp",
                            "request_path": "",
                            "resource_group_name": "HashiExample"
                        },
                        "meta": {},
                        "tainted": false
                    },
                    "deposed": [],
                    "provider": "provider.azurerm"
                },
                "azurerm_lb_probe.8301": {
                    "type": "azurerm_lb_probe",
                    "depends_on": [],
                    "primary": {
                        "id": "/subscriptions/83828619-1a38-49f2-b989-a46ac41307db/resourceGroups/HashiExample/providers/Microsoft.Network/loadBalancers/consulserverloadbal/probes/8301-running-probe",
                        "attributes": {
                            "id": "/subscriptions/83828619-1a38-49f2-b989-a46ac41307db/resourceGroups/HashiExample/providers/Microsoft.Network/loadBalancers/consulserverloadbal/probes/8301-running-probe",
                            "interval_in_seconds": "15",
                            "load_balancer_rules.#": "0",
                            "loadbalancer_id": "/subscriptions/83828619-1a38-49f2-b989-a46ac41307db/resourceGroups/HashiExample/providers/Microsoft.Network/loadBalancers/consulserverloadbal",
                            "name": "8301-running-probe",
                            "number_of_probes": "2",
                            "port": "8301",
                            "protocol": "Tcp",
                            "request_path": "",
                            "resource_group_name": "HashiExample"
                        },
                        "meta": {},
                        "tainted": false
                    },
                    "deposed": [],
                    "provider": "provider.azurerm"
                },
                "azurerm_lb_probe.8400": {
                    "type": "azurerm_lb_probe",
                    "depends_on": [],
                    "primary": {
                        "id": "/subscriptions/83828619-1a38-49f2-b989-a46ac41307db/resourceGroups/HashiExample/providers/Microsoft.Network/loadBalancers/consulserverloadbal/probes/8400-running-probe",
                        "attributes": {
                            "id": "/subscriptions/83828619-1a38-49f2-b989-a46ac41307db/resourceGroups/HashiExample/providers/Microsoft.Network/loadBalancers/consulserverloadbal/probes/8400-running-probe",
                            "interval_in_seconds": "15",
                            "load_balancer_rules.#": "0",
                            "loadbalancer_id": "/subscriptions/83828619-1a38-49f2-b989-a46ac41307db/resourceGroups/HashiExample/providers/Microsoft.Network/loadBalancers/consulserverloadbal",
                            "name": "8400-running-probe",
                            "number_of_probes": "2",
                            "port": "8400",
                            "protocol": "Tcp",
                            "request_path": "",
                            "resource_group_name": "HashiExample"
                        },
                        "meta": {},
                        "tainted": false
                    },
                    "deposed": [],
                    "provider": "provider.azurerm"
                },
                "azurerm_lb_probe.8500": {
                    "type": "azurerm_lb_probe",
                    "depends_on": [],
                    "primary": {
                        "id": "/subscriptions/83828619-1a38-49f2-b989-a46ac41307db/resourceGroups/HashiExample/providers/Microsoft.Network/loadBalancers/consulserverloadbal/probes/8500-running-probe",
                        "attributes": {
                            "id": "/subscriptions/83828619-1a38-49f2-b989-a46ac41307db/resourceGroups/HashiExample/providers/Microsoft.Network/loadBalancers/consulserverloadbal/probes/8500-running-probe",
                            "interval_in_seconds": "15",
                            "load_balancer_rules.#": "0",
                            "loadbalancer_id": "/subscriptions/83828619-1a38-49f2-b989-a46ac41307db/resourceGroups/HashiExample/providers/Microsoft.Network/loadBalancers/consulserverloadbal",
                            "name": "8500-running-probe",
                            "number_of_probes": "2",
                            "port": "8500",
                            "protocol": "Tcp",
                            "request_path": "",
                            "resource_group_name": "HashiExample"
                        },
                        "meta": {},
                        "tainted": false
                    },
                    "deposed": [],
                    "provider": "provider.azurerm"
                },
                "azurerm_lb_probe.8600": {
                    "type": "azurerm_lb_probe",
                    "depends_on": [],
                    "primary": {
                        "id": "/subscriptions/83828619-1a38-49f2-b989-a46ac41307db/resourceGroups/HashiExample/providers/Microsoft.Network/loadBalancers/consulserverloadbal/probes/8600-running-probe",
                        "attributes": {
                            "id": "/subscriptions/83828619-1a38-49f2-b989-a46ac41307db/resourceGroups/HashiExample/providers/Microsoft.Network/loadBalancers/consulserverloadbal/probes/8600-running-probe",
                            "interval_in_seconds": "15",
                            "load_balancer_rules.#": "0",
                            "loadbalancer_id": "/subscriptions/83828619-1a38-49f2-b989-a46ac41307db/resourceGroups/HashiExample/providers/Microsoft.Network/loadBalancers/consulserverloadbal",
                            "name": "8600-running-probe",
                            "number_of_probes": "2",
                            "port": "8600",
                            "protocol": "Tcp",
                            "request_path": "",
                            "resource_group_name": "HashiExample"
                        },
                        "meta": {},
                        "tainted": false
                    },
                    "deposed": [],
                    "provider": "provider.azurerm"
                },
                "azurerm_lb_probe.ssh": {
                    "type": "azurerm_lb_probe",
                    "depends_on": [],
                    "primary": {
                        "id": "/subscriptions/83828619-1a38-49f2-b989-a46ac41307db/resourceGroups/HashiExample/providers/Microsoft.Network/loadBalancers/consulserverloadbal/probes/ssh-running-probe",
                        "attributes": {
                            "id": "/subscriptions/83828619-1a38-49f2-b989-a46ac41307db/resourceGroups/HashiExample/providers/Microsoft.Network/loadBalancers/consulserverloadbal/probes/ssh-running-probe",
                            "interval_in_seconds": "15",
                            "load_balancer_rules.#": "0",
                            "loadbalancer_id": "/subscriptions/83828619-1a38-49f2-b989-a46ac41307db/resourceGroups/HashiExample/providers/Microsoft.Network/loadBalancers/consulserverloadbal",
                            "name": "ssh-running-probe",
                            "number_of_probes": "2",
                            "port": "22",
                            "protocol": "Tcp",
                            "request_path": "",
                            "resource_group_name": "HashiExample"
                        },
                        "meta": {},
                        "tainted": false
                    },
                    "deposed": [],
                    "provider": "provider.azurerm"
                },
                "azurerm_lb_rule.4646": {
                    "type": "azurerm_lb_rule",
                    "depends_on": [
                        "azurerm_lb_probe.4646"
                    ],
                    "primary": {
                        "id": "/subscriptions/83828619-1a38-49f2-b989-a46ac41307db/resourceGroups/HashiExample/providers/Microsoft.Network/loadBalancers/consulserverloadbal/loadBalancingRules/4646",
                        "attributes": {
                            "backend_address_pool_id": "/subscriptions/83828619-1a38-49f2-b989-a46ac41307db/resourceGroups/HashiExample/providers/Microsoft.Network/loadBalancers/consulserverloadbal/backendAddressPools/consulserverbepool",
                            "backend_port": "4646",
                            "enable_floating_ip": "false",
                            "frontend_ip_configuration_id": "/subscriptions/83828619-1a38-49f2-b989-a46ac41307db/resourceGroups/HashiExample/providers/Microsoft.Network/loadBalancers/consulserverloadbal/frontendIPConfigurations/PublicIPAddress",
                            "frontend_ip_configuration_name": "PublicIPAddress",
                            "frontend_port": "4646",
                            "id": "/subscriptions/83828619-1a38-49f2-b989-a46ac41307db/resourceGroups/HashiExample/providers/Microsoft.Network/loadBalancers/consulserverloadbal/loadBalancingRules/4646",
                            "idle_timeout_in_minutes": "4",
                            "load_distribution": "Default",
                            "loadbalancer_id": "/subscriptions/83828619-1a38-49f2-b989-a46ac41307db/resourceGroups/HashiExample/providers/Microsoft.Network/loadBalancers/consulserverloadbal",
                            "name": "4646",
                            "probe_id": "/subscriptions/83828619-1a38-49f2-b989-a46ac41307db/resourceGroups/HashiExample/providers/Microsoft.Network/loadBalancers/consulserverloadbal/probes/4646-running-probe",
                            "protocol": "Tcp",
                            "resource_group_name": "HashiExample"
                        },
                        "meta": {},
                        "tainted": false
                    },
                    "deposed": [],
                    "provider": "provider.azurerm"
                },
                "azurerm_lb_rule.4647": {
                    "type": "azurerm_lb_rule",
                    "depends_on": [
                        "azurerm_lb_probe.4647"
                    ],
                    "primary": {
                        "id": "/subscriptions/83828619-1a38-49f2-b989-a46ac41307db/resourceGroups/HashiExample/providers/Microsoft.Network/loadBalancers/consulserverloadbal/loadBalancingRules/4647",
                        "attributes": {
                            "backend_address_pool_id": "/subscriptions/83828619-1a38-49f2-b989-a46ac41307db/resourceGroups/HashiExample/providers/Microsoft.Network/loadBalancers/consulserverloadbal/backendAddressPools/consulserverbepool",
                            "backend_port": "4647",
                            "enable_floating_ip": "false",
                            "frontend_ip_configuration_id": "/subscriptions/83828619-1a38-49f2-b989-a46ac41307db/resourceGroups/HashiExample/providers/Microsoft.Network/loadBalancers/consulserverloadbal/frontendIPConfigurations/PublicIPAddress",
                            "frontend_ip_configuration_name": "PublicIPAddress",
                            "frontend_port": "4647",
                            "id": "/subscriptions/83828619-1a38-49f2-b989-a46ac41307db/resourceGroups/HashiExample/providers/Microsoft.Network/loadBalancers/consulserverloadbal/loadBalancingRules/4647",
                            "idle_timeout_in_minutes": "4",
                            "load_distribution": "Default",
                            "loadbalancer_id": "/subscriptions/83828619-1a38-49f2-b989-a46ac41307db/resourceGroups/HashiExample/providers/Microsoft.Network/loadBalancers/consulserverloadbal",
                            "name": "4647",
                            "probe_id": "/subscriptions/83828619-1a38-49f2-b989-a46ac41307db/resourceGroups/HashiExample/providers/Microsoft.Network/loadBalancers/consulserverloadbal/probes/4647-running-probe",
                            "protocol": "Tcp",
                            "resource_group_name": "HashiExample"
                        },
                        "meta": {},
                        "tainted": false
                    },
                    "deposed": [],
                    "provider": "provider.azurerm"
                },
                "azurerm_lb_rule.8300": {
                    "type": "azurerm_lb_rule",
                    "depends_on": [
                        "azurerm_lb_probe.8300"
                    ],
                    "primary": {
                        "id": "/subscriptions/83828619-1a38-49f2-b989-a46ac41307db/resourceGroups/HashiExample/providers/Microsoft.Network/loadBalancers/consulserverloadbal/loadBalancingRules/8300",
                        "attributes": {
                            "backend_address_pool_id": "/subscriptions/83828619-1a38-49f2-b989-a46ac41307db/resourceGroups/HashiExample/providers/Microsoft.Network/loadBalancers/consulserverloadbal/backendAddressPools/consulserverbepool",
                            "backend_port": "8300",
                            "enable_floating_ip": "false",
                            "frontend_ip_configuration_id": "/subscriptions/83828619-1a38-49f2-b989-a46ac41307db/resourceGroups/HashiExample/providers/Microsoft.Network/loadBalancers/consulserverloadbal/frontendIPConfigurations/PublicIPAddress",
                            "frontend_ip_configuration_name": "PublicIPAddress",
                            "frontend_port": "8300",
                            "id": "/subscriptions/83828619-1a38-49f2-b989-a46ac41307db/resourceGroups/HashiExample/providers/Microsoft.Network/loadBalancers/consulserverloadbal/loadBalancingRules/8300",
                            "idle_timeout_in_minutes": "4",
                            "load_distribution": "Default",
                            "loadbalancer_id": "/subscriptions/83828619-1a38-49f2-b989-a46ac41307db/resourceGroups/HashiExample/providers/Microsoft.Network/loadBalancers/consulserverloadbal",
                            "name": "8300",
                            "probe_id": "/subscriptions/83828619-1a38-49f2-b989-a46ac41307db/resourceGroups/HashiExample/providers/Microsoft.Network/loadBalancers/consulserverloadbal/probes/8300-running-probe",
                            "protocol": "Tcp",
                            "resource_group_name": "HashiExample"
                        },
                        "meta": {},
                        "tainted": false
                    },
                    "deposed": [],
                    "provider": "provider.azurerm"
                },
                "azurerm_lb_rule.8301": {
                    "type": "azurerm_lb_rule",
                    "depends_on": [
                        "azurerm_lb_probe.8301"
                    ],
                    "primary": {
                        "id": "/subscriptions/83828619-1a38-49f2-b989-a46ac41307db/resourceGroups/HashiExample/providers/Microsoft.Network/loadBalancers/consulserverloadbal/loadBalancingRules/8301",
                        "attributes": {
                            "backend_address_pool_id": "/subscriptions/83828619-1a38-49f2-b989-a46ac41307db/resourceGroups/HashiExample/providers/Microsoft.Network/loadBalancers/consulserverloadbal/backendAddressPools/consulserverbepool",
                            "backend_port": "8301",
                            "enable_floating_ip": "false",
                            "frontend_ip_configuration_id": "/subscriptions/83828619-1a38-49f2-b989-a46ac41307db/resourceGroups/HashiExample/providers/Microsoft.Network/loadBalancers/consulserverloadbal/frontendIPConfigurations/PublicIPAddress",
                            "frontend_ip_configuration_name": "PublicIPAddress",
                            "frontend_port": "8301",
                            "id": "/subscriptions/83828619-1a38-49f2-b989-a46ac41307db/resourceGroups/HashiExample/providers/Microsoft.Network/loadBalancers/consulserverloadbal/loadBalancingRules/8301",
                            "idle_timeout_in_minutes": "4",
                            "load_distribution": "Default",
                            "loadbalancer_id": "/subscriptions/83828619-1a38-49f2-b989-a46ac41307db/resourceGroups/HashiExample/providers/Microsoft.Network/loadBalancers/consulserverloadbal",
                            "name": "8301",
                            "probe_id": "/subscriptions/83828619-1a38-49f2-b989-a46ac41307db/resourceGroups/HashiExample/providers/Microsoft.Network/loadBalancers/consulserverloadbal/probes/8301-running-probe",
                            "protocol": "Tcp",
                            "resource_group_name": "HashiExample"
                        },
                        "meta": {},
                        "tainted": false
                    },
                    "deposed": [],
                    "provider": "provider.azurerm"
                },
                "azurerm_lb_rule.8400": {
                    "type": "azurerm_lb_rule",
                    "depends_on": [
                        "azurerm_lb_probe.8400"
                    ],
                    "primary": {
                        "id": "/subscriptions/83828619-1a38-49f2-b989-a46ac41307db/resourceGroups/HashiExample/providers/Microsoft.Network/loadBalancers/consulserverloadbal/loadBalancingRules/8400",
                        "attributes": {
                            "backend_address_pool_id": "/subscriptions/83828619-1a38-49f2-b989-a46ac41307db/resourceGroups/HashiExample/providers/Microsoft.Network/loadBalancers/consulserverloadbal/backendAddressPools/consulserverbepool",
                            "backend_port": "8400",
                            "enable_floating_ip": "false",
                            "frontend_ip_configuration_id": "/subscriptions/83828619-1a38-49f2-b989-a46ac41307db/resourceGroups/HashiExample/providers/Microsoft.Network/loadBalancers/consulserverloadbal/frontendIPConfigurations/PublicIPAddress",
                            "frontend_ip_configuration_name": "PublicIPAddress",
                            "frontend_port": "8400",
                            "id": "/subscriptions/83828619-1a38-49f2-b989-a46ac41307db/resourceGroups/HashiExample/providers/Microsoft.Network/loadBalancers/consulserverloadbal/loadBalancingRules/8400",
                            "idle_timeout_in_minutes": "4",
                            "load_distribution": "Default",
                            "loadbalancer_id": "/subscriptions/83828619-1a38-49f2-b989-a46ac41307db/resourceGroups/HashiExample/providers/Microsoft.Network/loadBalancers/consulserverloadbal",
                            "name": "8400",
                            "probe_id": "/subscriptions/83828619-1a38-49f2-b989-a46ac41307db/resourceGroups/HashiExample/providers/Microsoft.Network/loadBalancers/consulserverloadbal/probes/8400-running-probe",
                            "protocol": "Tcp",
                            "resource_group_name": "HashiExample"
                        },
                        "meta": {},
                        "tainted": false
                    },
                    "deposed": [],
                    "provider": "provider.azurerm"
                },
                "azurerm_lb_rule.8500": {
                    "type": "azurerm_lb_rule",
                    "depends_on": [
                        "azurerm_lb_probe.8500"
                    ],
                    "primary": {
                        "id": "/subscriptions/83828619-1a38-49f2-b989-a46ac41307db/resourceGroups/HashiExample/providers/Microsoft.Network/loadBalancers/consulserverloadbal/loadBalancingRules/8500",
                        "attributes": {
                            "backend_address_pool_id": "/subscriptions/83828619-1a38-49f2-b989-a46ac41307db/resourceGroups/HashiExample/providers/Microsoft.Network/loadBalancers/consulserverloadbal/backendAddressPools/consulserverbepool",
                            "backend_port": "8500",
                            "enable_floating_ip": "false",
                            "frontend_ip_configuration_id": "/subscriptions/83828619-1a38-49f2-b989-a46ac41307db/resourceGroups/HashiExample/providers/Microsoft.Network/loadBalancers/consulserverloadbal/frontendIPConfigurations/PublicIPAddress",
                            "frontend_ip_configuration_name": "PublicIPAddress",
                            "frontend_port": "8500",
                            "id": "/subscriptions/83828619-1a38-49f2-b989-a46ac41307db/resourceGroups/HashiExample/providers/Microsoft.Network/loadBalancers/consulserverloadbal/loadBalancingRules/8500",
                            "idle_timeout_in_minutes": "4",
                            "load_distribution": "Default",
                            "loadbalancer_id": "/subscriptions/83828619-1a38-49f2-b989-a46ac41307db/resourceGroups/HashiExample/providers/Microsoft.Network/loadBalancers/consulserverloadbal",
                            "name": "8500",
                            "probe_id": "/subscriptions/83828619-1a38-49f2-b989-a46ac41307db/resourceGroups/HashiExample/providers/Microsoft.Network/loadBalancers/consulserverloadbal/probes/8500-running-probe",
                            "protocol": "Tcp",
                            "resource_group_name": "HashiExample"
                        },
                        "meta": {},
                        "tainted": false
                    },
                    "deposed": [],
                    "provider": "provider.azurerm"
                },
                "azurerm_lb_rule.8600": {
                    "type": "azurerm_lb_rule",
                    "depends_on": [
                        "azurerm_lb_probe.8600"
                    ],
                    "primary": {
                        "id": "/subscriptions/83828619-1a38-49f2-b989-a46ac41307db/resourceGroups/HashiExample/providers/Microsoft.Network/loadBalancers/consulserverloadbal/loadBalancingRules/8600",
                        "attributes": {
                            "backend_address_pool_id": "/subscriptions/83828619-1a38-49f2-b989-a46ac41307db/resourceGroups/HashiExample/providers/Microsoft.Network/loadBalancers/consulserverloadbal/backendAddressPools/consulserverbepool",
                            "backend_port": "8600",
                            "enable_floating_ip": "false",
                            "frontend_ip_configuration_id": "/subscriptions/83828619-1a38-49f2-b989-a46ac41307db/resourceGroups/HashiExample/providers/Microsoft.Network/loadBalancers/consulserverloadbal/frontendIPConfigurations/PublicIPAddress",
                            "frontend_ip_configuration_name": "PublicIPAddress",
                            "frontend_port": "8600",
                            "id": "/subscriptions/83828619-1a38-49f2-b989-a46ac41307db/resourceGroups/HashiExample/providers/Microsoft.Network/loadBalancers/consulserverloadbal/loadBalancingRules/8600",
                            "idle_timeout_in_minutes": "4",
                            "load_distribution": "Default",
                            "loadbalancer_id": "/subscriptions/83828619-1a38-49f2-b989-a46ac41307db/resourceGroups/HashiExample/providers/Microsoft.Network/loadBalancers/consulserverloadbal",
                            "name": "8600",
                            "probe_id": "/subscriptions/83828619-1a38-49f2-b989-a46ac41307db/resourceGroups/HashiExample/providers/Microsoft.Network/loadBalancers/consulserverloadbal/probes/8600-running-probe",
                            "protocol": "Tcp",
                            "resource_group_name": "HashiExample"
                        },
                        "meta": {},
                        "tainted": false
                    },
                    "deposed": [],
                    "provider": "provider.azurerm"
                },
                "azurerm_lb_rule.ssh": {
                    "type": "azurerm_lb_rule",
                    "depends_on": [
                        "azurerm_lb_probe.ssh"
                    ],
                    "primary": {
                        "id": "/subscriptions/83828619-1a38-49f2-b989-a46ac41307db/resourceGroups/HashiExample/providers/Microsoft.Network/loadBalancers/consulserverloadbal/loadBalancingRules/SSH",
                        "attributes": {
                            "backend_address_pool_id": "/subscriptions/83828619-1a38-49f2-b989-a46ac41307db/resourceGroups/HashiExample/providers/Microsoft.Network/loadBalancers/consulserverloadbal/backendAddressPools/consulserverbepool",
                            "backend_port": "22",
                            "enable_floating_ip": "false",
                            "frontend_ip_configuration_id": "/subscriptions/83828619-1a38-49f2-b989-a46ac41307db/resourceGroups/HashiExample/providers/Microsoft.Network/loadBalancers/consulserverloadbal/frontendIPConfigurations/PublicIPAddress",
                            "frontend_ip_configuration_name": "PublicIPAddress",
                            "frontend_port": "50000",
                            "id": "/subscriptions/83828619-1a38-49f2-b989-a46ac41307db/resourceGroups/HashiExample/providers/Microsoft.Network/loadBalancers/consulserverloadbal/loadBalancingRules/SSH",
                            "idle_timeout_in_minutes": "4",
                            "load_distribution": "Default",
                            "loadbalancer_id": "/subscriptions/83828619-1a38-49f2-b989-a46ac41307db/resourceGroups/HashiExample/providers/Microsoft.Network/loadBalancers/consulserverloadbal",
                            "name": "SSH",
                            "probe_id": "/subscriptions/83828619-1a38-49f2-b989-a46ac41307db/resourceGroups/HashiExample/providers/Microsoft.Network/loadBalancers/consulserverloadbal/probes/ssh-running-probe",
                            "protocol": "Tcp",
                            "resource_group_name": "HashiExample"
                        },
                        "meta": {},
                        "tainted": false
                    },
                    "deposed": [],
                    "provider": "provider.azurerm"
                }
            },
            "depends_on": []
        },
        {
            "path": [
                "root",
                "NomadClientTier",
                "AzureLBRules"
            ],
            "outputs": {},
            "resources": {
                "azurerm_lb_probe.4646": {
                    "type": "azurerm_lb_probe",
                    "depends_on": [],
                    "primary": {
                        "id": "/subscriptions/83828619-1a38-49f2-b989-a46ac41307db/resourceGroups/HashiExample/providers/Microsoft.Network/loadBalancers/nomadclientloadbal/probes/4646-running-probe",
                        "attributes": {
                            "id": "/subscriptions/83828619-1a38-49f2-b989-a46ac41307db/resourceGroups/HashiExample/providers/Microsoft.Network/loadBalancers/nomadclientloadbal/probes/4646-running-probe",
                            "interval_in_seconds": "15",
                            "load_balancer_rules.#": "0",
                            "loadbalancer_id": "/subscriptions/83828619-1a38-49f2-b989-a46ac41307db/resourceGroups/HashiExample/providers/Microsoft.Network/loadBalancers/nomadclientloadbal",
                            "name": "4646-running-probe",
                            "number_of_probes": "2",
                            "port": "4646",
                            "protocol": "Tcp",
                            "request_path": "",
                            "resource_group_name": "HashiExample"
                        },
                        "meta": {},
                        "tainted": false
                    },
                    "deposed": [],
                    "provider": "provider.azurerm"
                },
                "azurerm_lb_probe.4647": {
                    "type": "azurerm_lb_probe",
                    "depends_on": [],
                    "primary": {
                        "id": "/subscriptions/83828619-1a38-49f2-b989-a46ac41307db/resourceGroups/HashiExample/providers/Microsoft.Network/loadBalancers/nomadclientloadbal/probes/4647-running-probe",
                        "attributes": {
                            "id": "/subscriptions/83828619-1a38-49f2-b989-a46ac41307db/resourceGroups/HashiExample/providers/Microsoft.Network/loadBalancers/nomadclientloadbal/probes/4647-running-probe",
                            "interval_in_seconds": "15",
                            "load_balancer_rules.#": "0",
                            "loadbalancer_id": "/subscriptions/83828619-1a38-49f2-b989-a46ac41307db/resourceGroups/HashiExample/providers/Microsoft.Network/loadBalancers/nomadclientloadbal",
                            "name": "4647-running-probe",
                            "number_of_probes": "2",
                            "port": "4647",
                            "protocol": "Tcp",
                            "request_path": "",
                            "resource_group_name": "HashiExample"
                        },
                        "meta": {},
                        "tainted": false
                    },
                    "deposed": [],
                    "provider": "provider.azurerm"
                },
                "azurerm_lb_probe.8300": {
                    "type": "azurerm_lb_probe",
                    "depends_on": [],
                    "primary": {
                        "id": "/subscriptions/83828619-1a38-49f2-b989-a46ac41307db/resourceGroups/HashiExample/providers/Microsoft.Network/loadBalancers/nomadclientloadbal/probes/8300-running-probe",
                        "attributes": {
                            "id": "/subscriptions/83828619-1a38-49f2-b989-a46ac41307db/resourceGroups/HashiExample/providers/Microsoft.Network/loadBalancers/nomadclientloadbal/probes/8300-running-probe",
                            "interval_in_seconds": "15",
                            "load_balancer_rules.#": "0",
                            "loadbalancer_id": "/subscriptions/83828619-1a38-49f2-b989-a46ac41307db/resourceGroups/HashiExample/providers/Microsoft.Network/loadBalancers/nomadclientloadbal",
                            "name": "8300-running-probe",
                            "number_of_probes": "2",
                            "port": "8300",
                            "protocol": "Tcp",
                            "request_path": "",
                            "resource_group_name": "HashiExample"
                        },
                        "meta": {},
                        "tainted": false
                    },
                    "deposed": [],
                    "provider": "provider.azurerm"
                },
                "azurerm_lb_probe.8301": {
                    "type": "azurerm_lb_probe",
                    "depends_on": [],
                    "primary": {
                        "id": "/subscriptions/83828619-1a38-49f2-b989-a46ac41307db/resourceGroups/HashiExample/providers/Microsoft.Network/loadBalancers/nomadclientloadbal/probes/8301-running-probe",
                        "attributes": {
                            "id": "/subscriptions/83828619-1a38-49f2-b989-a46ac41307db/resourceGroups/HashiExample/providers/Microsoft.Network/loadBalancers/nomadclientloadbal/probes/8301-running-probe",
                            "interval_in_seconds": "15",
                            "load_balancer_rules.#": "0",
                            "loadbalancer_id": "/subscriptions/83828619-1a38-49f2-b989-a46ac41307db/resourceGroups/HashiExample/providers/Microsoft.Network/loadBalancers/nomadclientloadbal",
                            "name": "8301-running-probe",
                            "number_of_probes": "2",
                            "port": "8301",
                            "protocol": "Tcp",
                            "request_path": "",
                            "resource_group_name": "HashiExample"
                        },
                        "meta": {},
                        "tainted": false
                    },
                    "deposed": [],
                    "provider": "provider.azurerm"
                },
                "azurerm_lb_probe.8400": {
                    "type": "azurerm_lb_probe",
                    "depends_on": [],
                    "primary": {
                        "id": "/subscriptions/83828619-1a38-49f2-b989-a46ac41307db/resourceGroups/HashiExample/providers/Microsoft.Network/loadBalancers/nomadclientloadbal/probes/8400-running-probe",
                        "attributes": {
                            "id": "/subscriptions/83828619-1a38-49f2-b989-a46ac41307db/resourceGroups/HashiExample/providers/Microsoft.Network/loadBalancers/nomadclientloadbal/probes/8400-running-probe",
                            "interval_in_seconds": "15",
                            "load_balancer_rules.#": "0",
                            "loadbalancer_id": "/subscriptions/83828619-1a38-49f2-b989-a46ac41307db/resourceGroups/HashiExample/providers/Microsoft.Network/loadBalancers/nomadclientloadbal",
                            "name": "8400-running-probe",
                            "number_of_probes": "2",
                            "port": "8400",
                            "protocol": "Tcp",
                            "request_path": "",
                            "resource_group_name": "HashiExample"
                        },
                        "meta": {},
                        "tainted": false
                    },
                    "deposed": [],
                    "provider": "provider.azurerm"
                },
                "azurerm_lb_probe.8500": {
                    "type": "azurerm_lb_probe",
                    "depends_on": [],
                    "primary": {
                        "id": "/subscriptions/83828619-1a38-49f2-b989-a46ac41307db/resourceGroups/HashiExample/providers/Microsoft.Network/loadBalancers/nomadclientloadbal/probes/8500-running-probe",
                        "attributes": {
                            "id": "/subscriptions/83828619-1a38-49f2-b989-a46ac41307db/resourceGroups/HashiExample/providers/Microsoft.Network/loadBalancers/nomadclientloadbal/probes/8500-running-probe",
                            "interval_in_seconds": "15",
                            "load_balancer_rules.#": "0",
                            "loadbalancer_id": "/subscriptions/83828619-1a38-49f2-b989-a46ac41307db/resourceGroups/HashiExample/providers/Microsoft.Network/loadBalancers/nomadclientloadbal",
                            "name": "8500-running-probe",
                            "number_of_probes": "2",
                            "port": "8500",
                            "protocol": "Tcp",
                            "request_path": "",
                            "resource_group_name": "HashiExample"
                        },
                        "meta": {},
                        "tainted": false
                    },
                    "deposed": [],
                    "provider": "provider.azurerm"
                },
                "azurerm_lb_probe.8600": {
                    "type": "azurerm_lb_probe",
                    "depends_on": [],
                    "primary": {
                        "id": "/subscriptions/83828619-1a38-49f2-b989-a46ac41307db/resourceGroups/HashiExample/providers/Microsoft.Network/loadBalancers/nomadclientloadbal/probes/8600-running-probe",
                        "attributes": {
                            "id": "/subscriptions/83828619-1a38-49f2-b989-a46ac41307db/resourceGroups/HashiExample/providers/Microsoft.Network/loadBalancers/nomadclientloadbal/probes/8600-running-probe",
                            "interval_in_seconds": "15",
                            "load_balancer_rules.#": "0",
                            "loadbalancer_id": "/subscriptions/83828619-1a38-49f2-b989-a46ac41307db/resourceGroups/HashiExample/providers/Microsoft.Network/loadBalancers/nomadclientloadbal",
                            "name": "8600-running-probe",
                            "number_of_probes": "2",
                            "port": "8600",
                            "protocol": "Tcp",
                            "request_path": "",
                            "resource_group_name": "HashiExample"
                        },
                        "meta": {},
                        "tainted": false
                    },
                    "deposed": [],
                    "provider": "provider.azurerm"
                },
                "azurerm_lb_probe.ssh": {
                    "type": "azurerm_lb_probe",
                    "depends_on": [],
                    "primary": {
                        "id": "/subscriptions/83828619-1a38-49f2-b989-a46ac41307db/resourceGroups/HashiExample/providers/Microsoft.Network/loadBalancers/nomadclientloadbal/probes/ssh-running-probe",
                        "attributes": {
                            "id": "/subscriptions/83828619-1a38-49f2-b989-a46ac41307db/resourceGroups/HashiExample/providers/Microsoft.Network/loadBalancers/nomadclientloadbal/probes/ssh-running-probe",
                            "interval_in_seconds": "15",
                            "load_balancer_rules.#": "0",
                            "loadbalancer_id": "/subscriptions/83828619-1a38-49f2-b989-a46ac41307db/resourceGroups/HashiExample/providers/Microsoft.Network/loadBalancers/nomadclientloadbal",
                            "name": "ssh-running-probe",
                            "number_of_probes": "2",
                            "port": "22",
                            "protocol": "Tcp",
                            "request_path": "",
                            "resource_group_name": "HashiExample"
                        },
                        "meta": {},
                        "tainted": false
                    },
                    "deposed": [],
                    "provider": "provider.azurerm"
                },
                "azurerm_lb_rule.4646": {
                    "type": "azurerm_lb_rule",
                    "depends_on": [
                        "azurerm_lb_probe.4646"
                    ],
                    "primary": {
                        "id": "/subscriptions/83828619-1a38-49f2-b989-a46ac41307db/resourceGroups/HashiExample/providers/Microsoft.Network/loadBalancers/nomadclientloadbal/loadBalancingRules/4646",
                        "attributes": {
                            "backend_address_pool_id": "/subscriptions/83828619-1a38-49f2-b989-a46ac41307db/resourceGroups/HashiExample/providers/Microsoft.Network/loadBalancers/nomadclientloadbal/backendAddressPools/nomadclientbepool",
                            "backend_port": "4646",
                            "enable_floating_ip": "false",
                            "frontend_ip_configuration_id": "/subscriptions/83828619-1a38-49f2-b989-a46ac41307db/resourceGroups/HashiExample/providers/Microsoft.Network/loadBalancers/nomadclientloadbal/frontendIPConfigurations/PublicIPAddress",
                            "frontend_ip_configuration_name": "PublicIPAddress",
                            "frontend_port": "4646",
                            "id": "/subscriptions/83828619-1a38-49f2-b989-a46ac41307db/resourceGroups/HashiExample/providers/Microsoft.Network/loadBalancers/nomadclientloadbal/loadBalancingRules/4646",
                            "idle_timeout_in_minutes": "4",
                            "load_distribution": "Default",
                            "loadbalancer_id": "/subscriptions/83828619-1a38-49f2-b989-a46ac41307db/resourceGroups/HashiExample/providers/Microsoft.Network/loadBalancers/nomadclientloadbal",
                            "name": "4646",
                            "probe_id": "/subscriptions/83828619-1a38-49f2-b989-a46ac41307db/resourceGroups/HashiExample/providers/Microsoft.Network/loadBalancers/nomadclientloadbal/probes/4646-running-probe",
                            "protocol": "Tcp",
                            "resource_group_name": "HashiExample"
                        },
                        "meta": {},
                        "tainted": false
                    },
                    "deposed": [],
                    "provider": "provider.azurerm"
                },
                "azurerm_lb_rule.4647": {
                    "type": "azurerm_lb_rule",
                    "depends_on": [
                        "azurerm_lb_probe.4647"
                    ],
                    "primary": {
                        "id": "/subscriptions/83828619-1a38-49f2-b989-a46ac41307db/resourceGroups/HashiExample/providers/Microsoft.Network/loadBalancers/nomadclientloadbal/loadBalancingRules/4647",
                        "attributes": {
                            "backend_address_pool_id": "/subscriptions/83828619-1a38-49f2-b989-a46ac41307db/resourceGroups/HashiExample/providers/Microsoft.Network/loadBalancers/nomadclientloadbal/backendAddressPools/nomadclientbepool",
                            "backend_port": "4647",
                            "enable_floating_ip": "false",
                            "frontend_ip_configuration_id": "/subscriptions/83828619-1a38-49f2-b989-a46ac41307db/resourceGroups/HashiExample/providers/Microsoft.Network/loadBalancers/nomadclientloadbal/frontendIPConfigurations/PublicIPAddress",
                            "frontend_ip_configuration_name": "PublicIPAddress",
                            "frontend_port": "4647",
                            "id": "/subscriptions/83828619-1a38-49f2-b989-a46ac41307db/resourceGroups/HashiExample/providers/Microsoft.Network/loadBalancers/nomadclientloadbal/loadBalancingRules/4647",
                            "idle_timeout_in_minutes": "4",
                            "load_distribution": "Default",
                            "loadbalancer_id": "/subscriptions/83828619-1a38-49f2-b989-a46ac41307db/resourceGroups/HashiExample/providers/Microsoft.Network/loadBalancers/nomadclientloadbal",
                            "name": "4647",
                            "probe_id": "/subscriptions/83828619-1a38-49f2-b989-a46ac41307db/resourceGroups/HashiExample/providers/Microsoft.Network/loadBalancers/nomadclientloadbal/probes/4647-running-probe",
                            "protocol": "Tcp",
                            "resource_group_name": "HashiExample"
                        },
                        "meta": {},
                        "tainted": false
                    },
                    "deposed": [],
                    "provider": "provider.azurerm"
                },
                "azurerm_lb_rule.8300": {
                    "type": "azurerm_lb_rule",
                    "depends_on": [
                        "azurerm_lb_probe.8300"
                    ],
                    "primary": {
                        "id": "/subscriptions/83828619-1a38-49f2-b989-a46ac41307db/resourceGroups/HashiExample/providers/Microsoft.Network/loadBalancers/nomadclientloadbal/loadBalancingRules/8300",
                        "attributes": {
                            "backend_address_pool_id": "/subscriptions/83828619-1a38-49f2-b989-a46ac41307db/resourceGroups/HashiExample/providers/Microsoft.Network/loadBalancers/nomadclientloadbal/backendAddressPools/nomadclientbepool",
                            "backend_port": "8300",
                            "enable_floating_ip": "false",
                            "frontend_ip_configuration_id": "/subscriptions/83828619-1a38-49f2-b989-a46ac41307db/resourceGroups/HashiExample/providers/Microsoft.Network/loadBalancers/nomadclientloadbal/frontendIPConfigurations/PublicIPAddress",
                            "frontend_ip_configuration_name": "PublicIPAddress",
                            "frontend_port": "8300",
                            "id": "/subscriptions/83828619-1a38-49f2-b989-a46ac41307db/resourceGroups/HashiExample/providers/Microsoft.Network/loadBalancers/nomadclientloadbal/loadBalancingRules/8300",
                            "idle_timeout_in_minutes": "4",
                            "load_distribution": "Default",
                            "loadbalancer_id": "/subscriptions/83828619-1a38-49f2-b989-a46ac41307db/resourceGroups/HashiExample/providers/Microsoft.Network/loadBalancers/nomadclientloadbal",
                            "name": "8300",
                            "probe_id": "/subscriptions/83828619-1a38-49f2-b989-a46ac41307db/resourceGroups/HashiExample/providers/Microsoft.Network/loadBalancers/nomadclientloadbal/probes/8300-running-probe",
                            "protocol": "Tcp",
                            "resource_group_name": "HashiExample"
                        },
                        "meta": {},
                        "tainted": false
                    },
                    "deposed": [],
                    "provider": "provider.azurerm"
                },
                "azurerm_lb_rule.8301": {
                    "type": "azurerm_lb_rule",
                    "depends_on": [
                        "azurerm_lb_probe.8301"
                    ],
                    "primary": {
                        "id": "/subscriptions/83828619-1a38-49f2-b989-a46ac41307db/resourceGroups/HashiExample/providers/Microsoft.Network/loadBalancers/nomadclientloadbal/loadBalancingRules/8301",
                        "attributes": {
                            "backend_address_pool_id": "/subscriptions/83828619-1a38-49f2-b989-a46ac41307db/resourceGroups/HashiExample/providers/Microsoft.Network/loadBalancers/nomadclientloadbal/backendAddressPools/nomadclientbepool",
                            "backend_port": "8301",
                            "enable_floating_ip": "false",
                            "frontend_ip_configuration_id": "/subscriptions/83828619-1a38-49f2-b989-a46ac41307db/resourceGroups/HashiExample/providers/Microsoft.Network/loadBalancers/nomadclientloadbal/frontendIPConfigurations/PublicIPAddress",
                            "frontend_ip_configuration_name": "PublicIPAddress",
                            "frontend_port": "8301",
                            "id": "/subscriptions/83828619-1a38-49f2-b989-a46ac41307db/resourceGroups/HashiExample/providers/Microsoft.Network/loadBalancers/nomadclientloadbal/loadBalancingRules/8301",
                            "idle_timeout_in_minutes": "4",
                            "load_distribution": "Default",
                            "loadbalancer_id": "/subscriptions/83828619-1a38-49f2-b989-a46ac41307db/resourceGroups/HashiExample/providers/Microsoft.Network/loadBalancers/nomadclientloadbal",
                            "name": "8301",
                            "probe_id": "/subscriptions/83828619-1a38-49f2-b989-a46ac41307db/resourceGroups/HashiExample/providers/Microsoft.Network/loadBalancers/nomadclientloadbal/probes/8301-running-probe",
                            "protocol": "Tcp",
                            "resource_group_name": "HashiExample"
                        },
                        "meta": {},
                        "tainted": false
                    },
                    "deposed": [],
                    "provider": "provider.azurerm"
                },
                "azurerm_lb_rule.8400": {
                    "type": "azurerm_lb_rule",
                    "depends_on": [
                        "azurerm_lb_probe.8400"
                    ],
                    "primary": {
                        "id": "/subscriptions/83828619-1a38-49f2-b989-a46ac41307db/resourceGroups/HashiExample/providers/Microsoft.Network/loadBalancers/nomadclientloadbal/loadBalancingRules/8400",
                        "attributes": {
                            "backend_address_pool_id": "/subscriptions/83828619-1a38-49f2-b989-a46ac41307db/resourceGroups/HashiExample/providers/Microsoft.Network/loadBalancers/nomadclientloadbal/backendAddressPools/nomadclientbepool",
                            "backend_port": "8400",
                            "enable_floating_ip": "false",
                            "frontend_ip_configuration_id": "/subscriptions/83828619-1a38-49f2-b989-a46ac41307db/resourceGroups/HashiExample/providers/Microsoft.Network/loadBalancers/nomadclientloadbal/frontendIPConfigurations/PublicIPAddress",
                            "frontend_ip_configuration_name": "PublicIPAddress",
                            "frontend_port": "8400",
                            "id": "/subscriptions/83828619-1a38-49f2-b989-a46ac41307db/resourceGroups/HashiExample/providers/Microsoft.Network/loadBalancers/nomadclientloadbal/loadBalancingRules/8400",
                            "idle_timeout_in_minutes": "4",
                            "load_distribution": "Default",
                            "loadbalancer_id": "/subscriptions/83828619-1a38-49f2-b989-a46ac41307db/resourceGroups/HashiExample/providers/Microsoft.Network/loadBalancers/nomadclientloadbal",
                            "name": "8400",
                            "probe_id": "/subscriptions/83828619-1a38-49f2-b989-a46ac41307db/resourceGroups/HashiExample/providers/Microsoft.Network/loadBalancers/nomadclientloadbal/probes/8400-running-probe",
                            "protocol": "Tcp",
                            "resource_group_name": "HashiExample"
                        },
                        "meta": {},
                        "tainted": false
                    },
                    "deposed": [],
                    "provider": "provider.azurerm"
                },
                "azurerm_lb_rule.8500": {
                    "type": "azurerm_lb_rule",
                    "depends_on": [
                        "azurerm_lb_probe.8500"
                    ],
                    "primary": {
                        "id": "/subscriptions/83828619-1a38-49f2-b989-a46ac41307db/resourceGroups/HashiExample/providers/Microsoft.Network/loadBalancers/nomadclientloadbal/loadBalancingRules/8500",
                        "attributes": {
                            "backend_address_pool_id": "/subscriptions/83828619-1a38-49f2-b989-a46ac41307db/resourceGroups/HashiExample/providers/Microsoft.Network/loadBalancers/nomadclientloadbal/backendAddressPools/nomadclientbepool",
                            "backend_port": "8500",
                            "enable_floating_ip": "false",
                            "frontend_ip_configuration_id": "/subscriptions/83828619-1a38-49f2-b989-a46ac41307db/resourceGroups/HashiExample/providers/Microsoft.Network/loadBalancers/nomadclientloadbal/frontendIPConfigurations/PublicIPAddress",
                            "frontend_ip_configuration_name": "PublicIPAddress",
                            "frontend_port": "8500",
                            "id": "/subscriptions/83828619-1a38-49f2-b989-a46ac41307db/resourceGroups/HashiExample/providers/Microsoft.Network/loadBalancers/nomadclientloadbal/loadBalancingRules/8500",
                            "idle_timeout_in_minutes": "4",
                            "load_distribution": "Default",
                            "loadbalancer_id": "/subscriptions/83828619-1a38-49f2-b989-a46ac41307db/resourceGroups/HashiExample/providers/Microsoft.Network/loadBalancers/nomadclientloadbal",
                            "name": "8500",
                            "probe_id": "/subscriptions/83828619-1a38-49f2-b989-a46ac41307db/resourceGroups/HashiExample/providers/Microsoft.Network/loadBalancers/nomadclientloadbal/probes/8500-running-probe",
                            "protocol": "Tcp",
                            "resource_group_name": "HashiExample"
                        },
                        "meta": {},
                        "tainted": false
                    },
                    "deposed": [],
                    "provider": "provider.azurerm"
                },
                "azurerm_lb_rule.8600": {
                    "type": "azurerm_lb_rule",
                    "depends_on": [
                        "azurerm_lb_probe.8600"
                    ],
                    "primary": {
                        "id": "/subscriptions/83828619-1a38-49f2-b989-a46ac41307db/resourceGroups/HashiExample/providers/Microsoft.Network/loadBalancers/nomadclientloadbal/loadBalancingRules/8600",
                        "attributes": {
                            "backend_address_pool_id": "/subscriptions/83828619-1a38-49f2-b989-a46ac41307db/resourceGroups/HashiExample/providers/Microsoft.Network/loadBalancers/nomadclientloadbal/backendAddressPools/nomadclientbepool",
                            "backend_port": "8600",
                            "enable_floating_ip": "false",
                            "frontend_ip_configuration_id": "/subscriptions/83828619-1a38-49f2-b989-a46ac41307db/resourceGroups/HashiExample/providers/Microsoft.Network/loadBalancers/nomadclientloadbal/frontendIPConfigurations/PublicIPAddress",
                            "frontend_ip_configuration_name": "PublicIPAddress",
                            "frontend_port": "8600",
                            "id": "/subscriptions/83828619-1a38-49f2-b989-a46ac41307db/resourceGroups/HashiExample/providers/Microsoft.Network/loadBalancers/nomadclientloadbal/loadBalancingRules/8600",
                            "idle_timeout_in_minutes": "4",
                            "load_distribution": "Default",
                            "loadbalancer_id": "/subscriptions/83828619-1a38-49f2-b989-a46ac41307db/resourceGroups/HashiExample/providers/Microsoft.Network/loadBalancers/nomadclientloadbal",
                            "name": "8600",
                            "probe_id": "/subscriptions/83828619-1a38-49f2-b989-a46ac41307db/resourceGroups/HashiExample/providers/Microsoft.Network/loadBalancers/nomadclientloadbal/probes/8600-running-probe",
                            "protocol": "Tcp",
                            "resource_group_name": "HashiExample"
                        },
                        "meta": {},
                        "tainted": false
                    },
                    "deposed": [],
                    "provider": "provider.azurerm"
                },
                "azurerm_lb_rule.ssh": {
                    "type": "azurerm_lb_rule",
                    "depends_on": [
                        "azurerm_lb_probe.ssh"
                    ],
                    "primary": {
                        "id": "/subscriptions/83828619-1a38-49f2-b989-a46ac41307db/resourceGroups/HashiExample/providers/Microsoft.Network/loadBalancers/nomadclientloadbal/loadBalancingRules/SSH",
                        "attributes": {
                            "backend_address_pool_id": "/subscriptions/83828619-1a38-49f2-b989-a46ac41307db/resourceGroups/HashiExample/providers/Microsoft.Network/loadBalancers/nomadclientloadbal/backendAddressPools/nomadclientbepool",
                            "backend_port": "22",
                            "enable_floating_ip": "false",
                            "frontend_ip_configuration_id": "/subscriptions/83828619-1a38-49f2-b989-a46ac41307db/resourceGroups/HashiExample/providers/Microsoft.Network/loadBalancers/nomadclientloadbal/frontendIPConfigurations/PublicIPAddress",
                            "frontend_ip_configuration_name": "PublicIPAddress",
                            "frontend_port": "50000",
                            "id": "/subscriptions/83828619-1a38-49f2-b989-a46ac41307db/resourceGroups/HashiExample/providers/Microsoft.Network/loadBalancers/nomadclientloadbal/loadBalancingRules/SSH",
                            "idle_timeout_in_minutes": "4",
                            "load_distribution": "Default",
                            "loadbalancer_id": "/subscriptions/83828619-1a38-49f2-b989-a46ac41307db/resourceGroups/HashiExample/providers/Microsoft.Network/loadBalancers/nomadclientloadbal",
                            "name": "SSH",
                            "probe_id": "/subscriptions/83828619-1a38-49f2-b989-a46ac41307db/resourceGroups/HashiExample/providers/Microsoft.Network/loadBalancers/nomadclientloadbal/probes/ssh-running-probe",
                            "protocol": "Tcp",
                            "resource_group_name": "HashiExample"
                        },
                        "meta": {},
                        "tainted": false
                    },
                    "deposed": [],
                    "provider": "provider.azurerm"
                }
            },
            "depends_on": []
        },
        {
            "path": [
                "root",
                "NomadServerTier",
                "AzureLBRules"
            ],
            "outputs": {},
            "resources": {
                "azurerm_lb_probe.4646": {
                    "type": "azurerm_lb_probe",
                    "depends_on": [],
                    "primary": {
                        "id": "/subscriptions/83828619-1a38-49f2-b989-a46ac41307db/resourceGroups/HashiExample/providers/Microsoft.Network/loadBalancers/nomadserverloadbal/probes/4646-running-probe",
                        "attributes": {
                            "id": "/subscriptions/83828619-1a38-49f2-b989-a46ac41307db/resourceGroups/HashiExample/providers/Microsoft.Network/loadBalancers/nomadserverloadbal/probes/4646-running-probe",
                            "interval_in_seconds": "15",
                            "load_balancer_rules.#": "0",
                            "loadbalancer_id": "/subscriptions/83828619-1a38-49f2-b989-a46ac41307db/resourceGroups/HashiExample/providers/Microsoft.Network/loadBalancers/nomadserverloadbal",
                            "name": "4646-running-probe",
                            "number_of_probes": "2",
                            "port": "4646",
                            "protocol": "Tcp",
                            "request_path": "",
                            "resource_group_name": "HashiExample"
                        },
                        "meta": {},
                        "tainted": false
                    },
                    "deposed": [],
                    "provider": "provider.azurerm"
                },
                "azurerm_lb_probe.4647": {
                    "type": "azurerm_lb_probe",
                    "depends_on": [],
                    "primary": {
                        "id": "/subscriptions/83828619-1a38-49f2-b989-a46ac41307db/resourceGroups/HashiExample/providers/Microsoft.Network/loadBalancers/nomadserverloadbal/probes/4647-running-probe",
                        "attributes": {
                            "id": "/subscriptions/83828619-1a38-49f2-b989-a46ac41307db/resourceGroups/HashiExample/providers/Microsoft.Network/loadBalancers/nomadserverloadbal/probes/4647-running-probe",
                            "interval_in_seconds": "15",
                            "load_balancer_rules.#": "0",
                            "loadbalancer_id": "/subscriptions/83828619-1a38-49f2-b989-a46ac41307db/resourceGroups/HashiExample/providers/Microsoft.Network/loadBalancers/nomadserverloadbal",
                            "name": "4647-running-probe",
                            "number_of_probes": "2",
                            "port": "4647",
                            "protocol": "Tcp",
                            "request_path": "",
                            "resource_group_name": "HashiExample"
                        },
                        "meta": {},
                        "tainted": false
                    },
                    "deposed": [],
                    "provider": "provider.azurerm"
                },
                "azurerm_lb_probe.8300": {
                    "type": "azurerm_lb_probe",
                    "depends_on": [],
                    "primary": {
                        "id": "/subscriptions/83828619-1a38-49f2-b989-a46ac41307db/resourceGroups/HashiExample/providers/Microsoft.Network/loadBalancers/nomadserverloadbal/probes/8300-running-probe",
                        "attributes": {
                            "id": "/subscriptions/83828619-1a38-49f2-b989-a46ac41307db/resourceGroups/HashiExample/providers/Microsoft.Network/loadBalancers/nomadserverloadbal/probes/8300-running-probe",
                            "interval_in_seconds": "15",
                            "load_balancer_rules.#": "0",
                            "loadbalancer_id": "/subscriptions/83828619-1a38-49f2-b989-a46ac41307db/resourceGroups/HashiExample/providers/Microsoft.Network/loadBalancers/nomadserverloadbal",
                            "name": "8300-running-probe",
                            "number_of_probes": "2",
                            "port": "8300",
                            "protocol": "Tcp",
                            "request_path": "",
                            "resource_group_name": "HashiExample"
                        },
                        "meta": {},
                        "tainted": false
                    },
                    "deposed": [],
                    "provider": "provider.azurerm"
                },
                "azurerm_lb_probe.8301": {
                    "type": "azurerm_lb_probe",
                    "depends_on": [],
                    "primary": {
                        "id": "/subscriptions/83828619-1a38-49f2-b989-a46ac41307db/resourceGroups/HashiExample/providers/Microsoft.Network/loadBalancers/nomadserverloadbal/probes/8301-running-probe",
                        "attributes": {
                            "id": "/subscriptions/83828619-1a38-49f2-b989-a46ac41307db/resourceGroups/HashiExample/providers/Microsoft.Network/loadBalancers/nomadserverloadbal/probes/8301-running-probe",
                            "interval_in_seconds": "15",
                            "load_balancer_rules.#": "0",
                            "loadbalancer_id": "/subscriptions/83828619-1a38-49f2-b989-a46ac41307db/resourceGroups/HashiExample/providers/Microsoft.Network/loadBalancers/nomadserverloadbal",
                            "name": "8301-running-probe",
                            "number_of_probes": "2",
                            "port": "8301",
                            "protocol": "Tcp",
                            "request_path": "",
                            "resource_group_name": "HashiExample"
                        },
                        "meta": {},
                        "tainted": false
                    },
                    "deposed": [],
                    "provider": "provider.azurerm"
                },
                "azurerm_lb_probe.8400": {
                    "type": "azurerm_lb_probe",
                    "depends_on": [],
                    "primary": {
                        "id": "/subscriptions/83828619-1a38-49f2-b989-a46ac41307db/resourceGroups/HashiExample/providers/Microsoft.Network/loadBalancers/nomadserverloadbal/probes/8400-running-probe",
                        "attributes": {
                            "id": "/subscriptions/83828619-1a38-49f2-b989-a46ac41307db/resourceGroups/HashiExample/providers/Microsoft.Network/loadBalancers/nomadserverloadbal/probes/8400-running-probe",
                            "interval_in_seconds": "15",
                            "load_balancer_rules.#": "0",
                            "loadbalancer_id": "/subscriptions/83828619-1a38-49f2-b989-a46ac41307db/resourceGroups/HashiExample/providers/Microsoft.Network/loadBalancers/nomadserverloadbal",
                            "name": "8400-running-probe",
                            "number_of_probes": "2",
                            "port": "8400",
                            "protocol": "Tcp",
                            "request_path": "",
                            "resource_group_name": "HashiExample"
                        },
                        "meta": {},
                        "tainted": false
                    },
                    "deposed": [],
                    "provider": "provider.azurerm"
                },
                "azurerm_lb_probe.8500": {
                    "type": "azurerm_lb_probe",
                    "depends_on": [],
                    "primary": {
                        "id": "/subscriptions/83828619-1a38-49f2-b989-a46ac41307db/resourceGroups/HashiExample/providers/Microsoft.Network/loadBalancers/nomadserverloadbal/probes/8500-running-probe",
                        "attributes": {
                            "id": "/subscriptions/83828619-1a38-49f2-b989-a46ac41307db/resourceGroups/HashiExample/providers/Microsoft.Network/loadBalancers/nomadserverloadbal/probes/8500-running-probe",
                            "interval_in_seconds": "15",
                            "load_balancer_rules.#": "0",
                            "loadbalancer_id": "/subscriptions/83828619-1a38-49f2-b989-a46ac41307db/resourceGroups/HashiExample/providers/Microsoft.Network/loadBalancers/nomadserverloadbal",
                            "name": "8500-running-probe",
                            "number_of_probes": "2",
                            "port": "8500",
                            "protocol": "Tcp",
                            "request_path": "",
                            "resource_group_name": "HashiExample"
                        },
                        "meta": {},
                        "tainted": false
                    },
                    "deposed": [],
                    "provider": "provider.azurerm"
                },
                "azurerm_lb_probe.8600": {
                    "type": "azurerm_lb_probe",
                    "depends_on": [],
                    "primary": {
                        "id": "/subscriptions/83828619-1a38-49f2-b989-a46ac41307db/resourceGroups/HashiExample/providers/Microsoft.Network/loadBalancers/nomadserverloadbal/probes/8600-running-probe",
                        "attributes": {
                            "id": "/subscriptions/83828619-1a38-49f2-b989-a46ac41307db/resourceGroups/HashiExample/providers/Microsoft.Network/loadBalancers/nomadserverloadbal/probes/8600-running-probe",
                            "interval_in_seconds": "15",
                            "load_balancer_rules.#": "0",
                            "loadbalancer_id": "/subscriptions/83828619-1a38-49f2-b989-a46ac41307db/resourceGroups/HashiExample/providers/Microsoft.Network/loadBalancers/nomadserverloadbal",
                            "name": "8600-running-probe",
                            "number_of_probes": "2",
                            "port": "8600",
                            "protocol": "Tcp",
                            "request_path": "",
                            "resource_group_name": "HashiExample"
                        },
                        "meta": {},
                        "tainted": false
                    },
                    "deposed": [],
                    "provider": "provider.azurerm"
                },
                "azurerm_lb_probe.ssh": {
                    "type": "azurerm_lb_probe",
                    "depends_on": [],
                    "primary": {
                        "id": "/subscriptions/83828619-1a38-49f2-b989-a46ac41307db/resourceGroups/HashiExample/providers/Microsoft.Network/loadBalancers/nomadserverloadbal/probes/ssh-running-probe",
                        "attributes": {
                            "id": "/subscriptions/83828619-1a38-49f2-b989-a46ac41307db/resourceGroups/HashiExample/providers/Microsoft.Network/loadBalancers/nomadserverloadbal/probes/ssh-running-probe",
                            "interval_in_seconds": "15",
                            "load_balancer_rules.#": "0",
                            "loadbalancer_id": "/subscriptions/83828619-1a38-49f2-b989-a46ac41307db/resourceGroups/HashiExample/providers/Microsoft.Network/loadBalancers/nomadserverloadbal",
                            "name": "ssh-running-probe",
                            "number_of_probes": "2",
                            "port": "22",
                            "protocol": "Tcp",
                            "request_path": "",
                            "resource_group_name": "HashiExample"
                        },
                        "meta": {},
                        "tainted": false
                    },
                    "deposed": [],
                    "provider": "provider.azurerm"
                },
                "azurerm_lb_rule.4646": {
                    "type": "azurerm_lb_rule",
                    "depends_on": [
                        "azurerm_lb_probe.4646"
                    ],
                    "primary": {
                        "id": "/subscriptions/83828619-1a38-49f2-b989-a46ac41307db/resourceGroups/HashiExample/providers/Microsoft.Network/loadBalancers/nomadserverloadbal/loadBalancingRules/4646",
                        "attributes": {
                            "backend_address_pool_id": "/subscriptions/83828619-1a38-49f2-b989-a46ac41307db/resourceGroups/HashiExample/providers/Microsoft.Network/loadBalancers/nomadserverloadbal/backendAddressPools/nomadserverbepool",
                            "backend_port": "4646",
                            "enable_floating_ip": "false",
                            "frontend_ip_configuration_id": "/subscriptions/83828619-1a38-49f2-b989-a46ac41307db/resourceGroups/HashiExample/providers/Microsoft.Network/loadBalancers/nomadserverloadbal/frontendIPConfigurations/PublicIPAddress",
                            "frontend_ip_configuration_name": "PublicIPAddress",
                            "frontend_port": "4646",
                            "id": "/subscriptions/83828619-1a38-49f2-b989-a46ac41307db/resourceGroups/HashiExample/providers/Microsoft.Network/loadBalancers/nomadserverloadbal/loadBalancingRules/4646",
                            "idle_timeout_in_minutes": "4",
                            "load_distribution": "Default",
                            "loadbalancer_id": "/subscriptions/83828619-1a38-49f2-b989-a46ac41307db/resourceGroups/HashiExample/providers/Microsoft.Network/loadBalancers/nomadserverloadbal",
                            "name": "4646",
                            "probe_id": "/subscriptions/83828619-1a38-49f2-b989-a46ac41307db/resourceGroups/HashiExample/providers/Microsoft.Network/loadBalancers/nomadserverloadbal/probes/4646-running-probe",
                            "protocol": "Tcp",
                            "resource_group_name": "HashiExample"
                        },
                        "meta": {},
                        "tainted": false
                    },
                    "deposed": [],
                    "provider": "provider.azurerm"
                },
                "azurerm_lb_rule.4647": {
                    "type": "azurerm_lb_rule",
                    "depends_on": [
                        "azurerm_lb_probe.4647"
                    ],
                    "primary": {
                        "id": "/subscriptions/83828619-1a38-49f2-b989-a46ac41307db/resourceGroups/HashiExample/providers/Microsoft.Network/loadBalancers/nomadserverloadbal/loadBalancingRules/4647",
                        "attributes": {
                            "backend_address_pool_id": "/subscriptions/83828619-1a38-49f2-b989-a46ac41307db/resourceGroups/HashiExample/providers/Microsoft.Network/loadBalancers/nomadserverloadbal/backendAddressPools/nomadserverbepool",
                            "backend_port": "4647",
                            "enable_floating_ip": "false",
                            "frontend_ip_configuration_id": "/subscriptions/83828619-1a38-49f2-b989-a46ac41307db/resourceGroups/HashiExample/providers/Microsoft.Network/loadBalancers/nomadserverloadbal/frontendIPConfigurations/PublicIPAddress",
                            "frontend_ip_configuration_name": "PublicIPAddress",
                            "frontend_port": "4647",
                            "id": "/subscriptions/83828619-1a38-49f2-b989-a46ac41307db/resourceGroups/HashiExample/providers/Microsoft.Network/loadBalancers/nomadserverloadbal/loadBalancingRules/4647",
                            "idle_timeout_in_minutes": "4",
                            "load_distribution": "Default",
                            "loadbalancer_id": "/subscriptions/83828619-1a38-49f2-b989-a46ac41307db/resourceGroups/HashiExample/providers/Microsoft.Network/loadBalancers/nomadserverloadbal",
                            "name": "4647",
                            "probe_id": "/subscriptions/83828619-1a38-49f2-b989-a46ac41307db/resourceGroups/HashiExample/providers/Microsoft.Network/loadBalancers/nomadserverloadbal/probes/4647-running-probe",
                            "protocol": "Tcp",
                            "resource_group_name": "HashiExample"
                        },
                        "meta": {},
                        "tainted": false
                    },
                    "deposed": [],
                    "provider": "provider.azurerm"
                },
                "azurerm_lb_rule.8300": {
                    "type": "azurerm_lb_rule",
                    "depends_on": [
                        "azurerm_lb_probe.8300"
                    ],
                    "primary": {
                        "id": "/subscriptions/83828619-1a38-49f2-b989-a46ac41307db/resourceGroups/HashiExample/providers/Microsoft.Network/loadBalancers/nomadserverloadbal/loadBalancingRules/8300",
                        "attributes": {
                            "backend_address_pool_id": "/subscriptions/83828619-1a38-49f2-b989-a46ac41307db/resourceGroups/HashiExample/providers/Microsoft.Network/loadBalancers/nomadserverloadbal/backendAddressPools/nomadserverbepool",
                            "backend_port": "8300",
                            "enable_floating_ip": "false",
                            "frontend_ip_configuration_id": "/subscriptions/83828619-1a38-49f2-b989-a46ac41307db/resourceGroups/HashiExample/providers/Microsoft.Network/loadBalancers/nomadserverloadbal/frontendIPConfigurations/PublicIPAddress",
                            "frontend_ip_configuration_name": "PublicIPAddress",
                            "frontend_port": "8300",
                            "id": "/subscriptions/83828619-1a38-49f2-b989-a46ac41307db/resourceGroups/HashiExample/providers/Microsoft.Network/loadBalancers/nomadserverloadbal/loadBalancingRules/8300",
                            "idle_timeout_in_minutes": "4",
                            "load_distribution": "Default",
                            "loadbalancer_id": "/subscriptions/83828619-1a38-49f2-b989-a46ac41307db/resourceGroups/HashiExample/providers/Microsoft.Network/loadBalancers/nomadserverloadbal",
                            "name": "8300",
                            "probe_id": "/subscriptions/83828619-1a38-49f2-b989-a46ac41307db/resourceGroups/HashiExample/providers/Microsoft.Network/loadBalancers/nomadserverloadbal/probes/8300-running-probe",
                            "protocol": "Tcp",
                            "resource_group_name": "HashiExample"
                        },
                        "meta": {},
                        "tainted": false
                    },
                    "deposed": [],
                    "provider": "provider.azurerm"
                },
                "azurerm_lb_rule.8301": {
                    "type": "azurerm_lb_rule",
                    "depends_on": [
                        "azurerm_lb_probe.8301"
                    ],
                    "primary": {
                        "id": "/subscriptions/83828619-1a38-49f2-b989-a46ac41307db/resourceGroups/HashiExample/providers/Microsoft.Network/loadBalancers/nomadserverloadbal/loadBalancingRules/8301",
                        "attributes": {
                            "backend_address_pool_id": "/subscriptions/83828619-1a38-49f2-b989-a46ac41307db/resourceGroups/HashiExample/providers/Microsoft.Network/loadBalancers/nomadserverloadbal/backendAddressPools/nomadserverbepool",
                            "backend_port": "8301",
                            "enable_floating_ip": "false",
                            "frontend_ip_configuration_id": "/subscriptions/83828619-1a38-49f2-b989-a46ac41307db/resourceGroups/HashiExample/providers/Microsoft.Network/loadBalancers/nomadserverloadbal/frontendIPConfigurations/PublicIPAddress",
                            "frontend_ip_configuration_name": "PublicIPAddress",
                            "frontend_port": "8301",
                            "id": "/subscriptions/83828619-1a38-49f2-b989-a46ac41307db/resourceGroups/HashiExample/providers/Microsoft.Network/loadBalancers/nomadserverloadbal/loadBalancingRules/8301",
                            "idle_timeout_in_minutes": "4",
                            "load_distribution": "Default",
                            "loadbalancer_id": "/subscriptions/83828619-1a38-49f2-b989-a46ac41307db/resourceGroups/HashiExample/providers/Microsoft.Network/loadBalancers/nomadserverloadbal",
                            "name": "8301",
                            "probe_id": "/subscriptions/83828619-1a38-49f2-b989-a46ac41307db/resourceGroups/HashiExample/providers/Microsoft.Network/loadBalancers/nomadserverloadbal/probes/8301-running-probe",
                            "protocol": "Tcp",
                            "resource_group_name": "HashiExample"
                        },
                        "meta": {},
                        "tainted": false
                    },
                    "deposed": [],
                    "provider": "provider.azurerm"
                },
                "azurerm_lb_rule.8400": {
                    "type": "azurerm_lb_rule",
                    "depends_on": [
                        "azurerm_lb_probe.8400"
                    ],
                    "primary": {
                        "id": "/subscriptions/83828619-1a38-49f2-b989-a46ac41307db/resourceGroups/HashiExample/providers/Microsoft.Network/loadBalancers/nomadserverloadbal/loadBalancingRules/8400",
                        "attributes": {
                            "backend_address_pool_id": "/subscriptions/83828619-1a38-49f2-b989-a46ac41307db/resourceGroups/HashiExample/providers/Microsoft.Network/loadBalancers/nomadserverloadbal/backendAddressPools/nomadserverbepool",
                            "backend_port": "8400",
                            "enable_floating_ip": "false",
                            "frontend_ip_configuration_id": "/subscriptions/83828619-1a38-49f2-b989-a46ac41307db/resourceGroups/HashiExample/providers/Microsoft.Network/loadBalancers/nomadserverloadbal/frontendIPConfigurations/PublicIPAddress",
                            "frontend_ip_configuration_name": "PublicIPAddress",
                            "frontend_port": "8400",
                            "id": "/subscriptions/83828619-1a38-49f2-b989-a46ac41307db/resourceGroups/HashiExample/providers/Microsoft.Network/loadBalancers/nomadserverloadbal/loadBalancingRules/8400",
                            "idle_timeout_in_minutes": "4",
                            "load_distribution": "Default",
                            "loadbalancer_id": "/subscriptions/83828619-1a38-49f2-b989-a46ac41307db/resourceGroups/HashiExample/providers/Microsoft.Network/loadBalancers/nomadserverloadbal",
                            "name": "8400",
                            "probe_id": "/subscriptions/83828619-1a38-49f2-b989-a46ac41307db/resourceGroups/HashiExample/providers/Microsoft.Network/loadBalancers/nomadserverloadbal/probes/8400-running-probe",
                            "protocol": "Tcp",
                            "resource_group_name": "HashiExample"
                        },
                        "meta": {},
                        "tainted": false
                    },
                    "deposed": [],
                    "provider": "provider.azurerm"
                },
                "azurerm_lb_rule.8500": {
                    "type": "azurerm_lb_rule",
                    "depends_on": [
                        "azurerm_lb_probe.8500"
                    ],
                    "primary": {
                        "id": "/subscriptions/83828619-1a38-49f2-b989-a46ac41307db/resourceGroups/HashiExample/providers/Microsoft.Network/loadBalancers/nomadserverloadbal/loadBalancingRules/8500",
                        "attributes": {
                            "backend_address_pool_id": "/subscriptions/83828619-1a38-49f2-b989-a46ac41307db/resourceGroups/HashiExample/providers/Microsoft.Network/loadBalancers/nomadserverloadbal/backendAddressPools/nomadserverbepool",
                            "backend_port": "8500",
                            "enable_floating_ip": "false",
                            "frontend_ip_configuration_id": "/subscriptions/83828619-1a38-49f2-b989-a46ac41307db/resourceGroups/HashiExample/providers/Microsoft.Network/loadBalancers/nomadserverloadbal/frontendIPConfigurations/PublicIPAddress",
                            "frontend_ip_configuration_name": "PublicIPAddress",
                            "frontend_port": "8500",
                            "id": "/subscriptions/83828619-1a38-49f2-b989-a46ac41307db/resourceGroups/HashiExample/providers/Microsoft.Network/loadBalancers/nomadserverloadbal/loadBalancingRules/8500",
                            "idle_timeout_in_minutes": "4",
                            "load_distribution": "Default",
                            "loadbalancer_id": "/subscriptions/83828619-1a38-49f2-b989-a46ac41307db/resourceGroups/HashiExample/providers/Microsoft.Network/loadBalancers/nomadserverloadbal",
                            "name": "8500",
                            "probe_id": "/subscriptions/83828619-1a38-49f2-b989-a46ac41307db/resourceGroups/HashiExample/providers/Microsoft.Network/loadBalancers/nomadserverloadbal/probes/8500-running-probe",
                            "protocol": "Tcp",
                            "resource_group_name": "HashiExample"
                        },
                        "meta": {},
                        "tainted": false
                    },
                    "deposed": [],
                    "provider": "provider.azurerm"
                },
                "azurerm_lb_rule.8600": {
                    "type": "azurerm_lb_rule",
                    "depends_on": [
                        "azurerm_lb_probe.8600"
                    ],
                    "primary": {
                        "id": "/subscriptions/83828619-1a38-49f2-b989-a46ac41307db/resourceGroups/HashiExample/providers/Microsoft.Network/loadBalancers/nomadserverloadbal/loadBalancingRules/8600",
                        "attributes": {
                            "backend_address_pool_id": "/subscriptions/83828619-1a38-49f2-b989-a46ac41307db/resourceGroups/HashiExample/providers/Microsoft.Network/loadBalancers/nomadserverloadbal/backendAddressPools/nomadserverbepool",
                            "backend_port": "8600",
                            "enable_floating_ip": "false",
                            "frontend_ip_configuration_id": "/subscriptions/83828619-1a38-49f2-b989-a46ac41307db/resourceGroups/HashiExample/providers/Microsoft.Network/loadBalancers/nomadserverloadbal/frontendIPConfigurations/PublicIPAddress",
                            "frontend_ip_configuration_name": "PublicIPAddress",
                            "frontend_port": "8600",
                            "id": "/subscriptions/83828619-1a38-49f2-b989-a46ac41307db/resourceGroups/HashiExample/providers/Microsoft.Network/loadBalancers/nomadserverloadbal/loadBalancingRules/8600",
                            "idle_timeout_in_minutes": "4",
                            "load_distribution": "Default",
                            "loadbalancer_id": "/subscriptions/83828619-1a38-49f2-b989-a46ac41307db/resourceGroups/HashiExample/providers/Microsoft.Network/loadBalancers/nomadserverloadbal",
                            "name": "8600",
                            "probe_id": "/subscriptions/83828619-1a38-49f2-b989-a46ac41307db/resourceGroups/HashiExample/providers/Microsoft.Network/loadBalancers/nomadserverloadbal/probes/8600-running-probe",
                            "protocol": "Tcp",
                            "resource_group_name": "HashiExample"
                        },
                        "meta": {},
                        "tainted": false
                    },
                    "deposed": [],
                    "provider": "provider.azurerm"
                },
                "azurerm_lb_rule.ssh": {
                    "type": "azurerm_lb_rule",
                    "depends_on": [
                        "azurerm_lb_probe.ssh"
                    ],
                    "primary": {
                        "id": "/subscriptions/83828619-1a38-49f2-b989-a46ac41307db/resourceGroups/HashiExample/providers/Microsoft.Network/loadBalancers/nomadserverloadbal/loadBalancingRules/SSH",
                        "attributes": {
                            "backend_address_pool_id": "/subscriptions/83828619-1a38-49f2-b989-a46ac41307db/resourceGroups/HashiExample/providers/Microsoft.Network/loadBalancers/nomadserverloadbal/backendAddressPools/nomadserverbepool",
                            "backend_port": "22",
                            "enable_floating_ip": "false",
                            "frontend_ip_configuration_id": "/subscriptions/83828619-1a38-49f2-b989-a46ac41307db/resourceGroups/HashiExample/providers/Microsoft.Network/loadBalancers/nomadserverloadbal/frontendIPConfigurations/PublicIPAddress",
                            "frontend_ip_configuration_name": "PublicIPAddress",
                            "frontend_port": "50000",
                            "id": "/subscriptions/83828619-1a38-49f2-b989-a46ac41307db/resourceGroups/HashiExample/providers/Microsoft.Network/loadBalancers/nomadserverloadbal/loadBalancingRules/SSH",
                            "idle_timeout_in_minutes": "4",
                            "load_distribution": "Default",
                            "loadbalancer_id": "/subscriptions/83828619-1a38-49f2-b989-a46ac41307db/resourceGroups/HashiExample/providers/Microsoft.Network/loadBalancers/nomadserverloadbal",
                            "name": "SSH",
                            "probe_id": "/subscriptions/83828619-1a38-49f2-b989-a46ac41307db/resourceGroups/HashiExample/providers/Microsoft.Network/loadBalancers/nomadserverloadbal/probes/ssh-running-probe",
                            "protocol": "Tcp",
                            "resource_group_name": "HashiExample"
                        },
                        "meta": {},
                        "tainted": false
                    },
                    "deposed": [],
                    "provider": "provider.azurerm"
                }
            },
            "depends_on": []
        }
    ]
}
